// !$*UTF8*$!
{
	archiveVersion = 1;
	classes = {
	};
	objectVersion = 56;
	objects = {

/* Begin PBXBuildFile section */
		92004362296F602700A49070 /* FeedImage.swift in Sources */ = {isa = PBXBuildFile; fileRef = 92004360296F602700A49070 /* FeedImage.swift */; };
		92004363296F602700A49070 /* FeedLoader.swift in Sources */ = {isa = PBXBuildFile; fileRef = 92004361296F602700A49070 /* FeedLoader.swift */; };
		92004368296F60A200A49070 /* HTTPClient.swift in Sources */ = {isa = PBXBuildFile; fileRef = 92004365296F60A200A49070 /* HTTPClient.swift */; };
		92004369296F60A200A49070 /* RemoteFeedLoader.swift in Sources */ = {isa = PBXBuildFile; fileRef = 92004366296F60A200A49070 /* RemoteFeedLoader.swift */; };
		9200436A296F60A200A49070 /* URLSessionHTTPClient.swift in Sources */ = {isa = PBXBuildFile; fileRef = 92004367296F60A200A49070 /* URLSessionHTTPClient.swift */; };
		9200436D296F60AF00A49070 /* FeedItemsMapper.swift in Sources */ = {isa = PBXBuildFile; fileRef = 9200436C296F60AF00A49070 /* FeedItemsMapper.swift */; };
		92004371296F615C00A49070 /* LoadFeedFromRemoteUseCaseTests.swift in Sources */ = {isa = PBXBuildFile; fileRef = 9200436F296F615C00A49070 /* LoadFeedFromRemoteUseCaseTests.swift */; };
		92004372296F615C00A49070 /* URLSessionHTTPClientTests.swift in Sources */ = {isa = PBXBuildFile; fileRef = 92004370296F615C00A49070 /* URLSessionHTTPClientTests.swift */; };
		92004375296F619100A49070 /* SharedTestHelpers.swift in Sources */ = {isa = PBXBuildFile; fileRef = 92004374296F619100A49070 /* SharedTestHelpers.swift */; };
		9200438E296F625E00A49070 /* EssentialFeedEndToEndTests.swift in Sources */ = {isa = PBXBuildFile; fileRef = 9200438D296F625E00A49070 /* EssentialFeedEndToEndTests.swift */; };
		9200438F296F625E00A49070 /* EssentialFeed.framework in Frameworks */ = {isa = PBXBuildFile; fileRef = 927019E6296F5F6800AE7B38 /* EssentialFeed.framework */; };
		92004395296F629800A49070 /* SharedTestHelpers.swift in Sources */ = {isa = PBXBuildFile; fileRef = 92004374296F619100A49070 /* SharedTestHelpers.swift */; };
		92004399296F63A000A49070 /* FeedStore.swift in Sources */ = {isa = PBXBuildFile; fileRef = 92004397296F63A000A49070 /* FeedStore.swift */; };
		9200439A296F63A000A49070 /* LocalFeedLoader.swift in Sources */ = {isa = PBXBuildFile; fileRef = 92004398296F63A000A49070 /* LocalFeedLoader.swift */; };
		9200439D296F641800A49070 /* CacheFeedUseCaseTests.swift in Sources */ = {isa = PBXBuildFile; fileRef = 9200439C296F641800A49070 /* CacheFeedUseCaseTests.swift */; };
		9228A34629915359000502A7 /* FeedCachePolicy.swift in Sources */ = {isa = PBXBuildFile; fileRef = 9228A34529915359000502A7 /* FeedCachePolicy.swift */; };
		9252BD5229B9249B003F2306 /* CodableFeedStore.swift in Sources */ = {isa = PBXBuildFile; fileRef = 9252BD5129B9249B003F2306 /* CodableFeedStore.swift */; };
		925CE35429701B64004C6859 /* RemoteFeedItem.swift in Sources */ = {isa = PBXBuildFile; fileRef = 925CE35329701B64004C6859 /* RemoteFeedItem.swift */; };
		925CE35729701BD7004C6859 /* LocalFeedImage.swift in Sources */ = {isa = PBXBuildFile; fileRef = 925CE35629701BD6004C6859 /* LocalFeedImage.swift */; };
		927019EF296F5F6800AE7B38 /* EssentialFeed.framework in Frameworks */ = {isa = PBXBuildFile; fileRef = 927019E6296F5F6800AE7B38 /* EssentialFeed.framework */; };
		927019F5296F5F6900AE7B38 /* EssentialFeed.h in Headers */ = {isa = PBXBuildFile; fileRef = 927019E9296F5F6800AE7B38 /* EssentialFeed.h */; settings = {ATTRIBUTES = (Public, ); }; };
		928BC39A29BA02380075CF90 /* EssentialFeedCacheIntegrationTests.swift in Sources */ = {isa = PBXBuildFile; fileRef = 928BC39929BA02380075CF90 /* EssentialFeedCacheIntegrationTests.swift */; };
		928BC39B29BA02380075CF90 /* EssentialFeed.framework in Frameworks */ = {isa = PBXBuildFile; fileRef = 927019E6296F5F6800AE7B38 /* EssentialFeed.framework */; };
		92982AE629B7BB810042D359 /* CodableFeedStoreTests.swift in Sources */ = {isa = PBXBuildFile; fileRef = 92982AE529B7BB810042D359 /* CodableFeedStoreTests.swift */; };
		92D5854C2977229D001F4158 /* LoadFeedFromCacheUseCaseTests.swift in Sources */ = {isa = PBXBuildFile; fileRef = 92D5854B2977229D001F4158 /* LoadFeedFromCacheUseCaseTests.swift */; };
		92D5854F29772381001F4158 /* FeedStoreSpy.swift in Sources */ = {isa = PBXBuildFile; fileRef = 92D5854E29772381001F4158 /* FeedStoreSpy.swift */; };
		92EB191F29B945F50078676A /* FeedStoreSpecs.swift in Sources */ = {isa = PBXBuildFile; fileRef = 92EB191E29B945F50078676A /* FeedStoreSpecs.swift */; };
		92EB192129B946420078676A /* XCTestCase+FeedStoreSpecs.swift in Sources */ = {isa = PBXBuildFile; fileRef = 92EB192029B946420078676A /* XCTestCase+FeedStoreSpecs.swift */; };
		92EB192329B947680078676A /* XCTestCase+FailableRetrieveFeedStoreSpecs.swift in Sources */ = {isa = PBXBuildFile; fileRef = 92EB192229B947680078676A /* XCTestCase+FailableRetrieveFeedStoreSpecs.swift */; };
		92EB192529B947980078676A /* XCTestCase+FailableInsertFeedStoreSpecs.swift in Sources */ = {isa = PBXBuildFile; fileRef = 92EB192429B947980078676A /* XCTestCase+FailableInsertFeedStoreSpecs.swift */; };
		92EB192729B947C60078676A /* XCTestCase+FailableDeleteFeedStoreSpecs.swift in Sources */ = {isa = PBXBuildFile; fileRef = 92EB192629B947C60078676A /* XCTestCase+FailableDeleteFeedStoreSpecs.swift */; };
		92FA2573297B2D400069722A /* ValidateFeedCacheUseCase.swift in Sources */ = {isa = PBXBuildFile; fileRef = 92FA2572297B2D400069722A /* ValidateFeedCacheUseCase.swift */; };
		92FA2575297B34A90069722A /* FeedCacheTestHelpers.swift in Sources */ = {isa = PBXBuildFile; fileRef = 92FA2574297B34A90069722A /* FeedCacheTestHelpers.swift */; };
/* End PBXBuildFile section */

/* Begin PBXContainerItemProxy section */
		92004390296F625E00A49070 /* PBXContainerItemProxy */ = {
			isa = PBXContainerItemProxy;
			containerPortal = 927019DD296F5F6800AE7B38 /* Project object */;
			proxyType = 1;
			remoteGlobalIDString = 927019E5296F5F6800AE7B38;
			remoteInfo = EssentialFeed;
		};
		927019F0296F5F6800AE7B38 /* PBXContainerItemProxy */ = {
			isa = PBXContainerItemProxy;
			containerPortal = 927019DD296F5F6800AE7B38 /* Project object */;
			proxyType = 1;
			remoteGlobalIDString = 927019E5296F5F6800AE7B38;
			remoteInfo = EssentialFeed;
		};
		928BC39C29BA02380075CF90 /* PBXContainerItemProxy */ = {
			isa = PBXContainerItemProxy;
			containerPortal = 927019DD296F5F6800AE7B38 /* Project object */;
			proxyType = 1;
			remoteGlobalIDString = 927019E5296F5F6800AE7B38;
			remoteInfo = EssentialFeed;
		};
/* End PBXContainerItemProxy section */

/* Begin PBXFileReference section */
		92004360296F602700A49070 /* FeedImage.swift */ = {isa = PBXFileReference; fileEncoding = 4; lastKnownFileType = sourcecode.swift; path = FeedImage.swift; sourceTree = "<group>"; };
		92004361296F602700A49070 /* FeedLoader.swift */ = {isa = PBXFileReference; fileEncoding = 4; lastKnownFileType = sourcecode.swift; path = FeedLoader.swift; sourceTree = "<group>"; };
		92004365296F60A200A49070 /* HTTPClient.swift */ = {isa = PBXFileReference; fileEncoding = 4; lastKnownFileType = sourcecode.swift; path = HTTPClient.swift; sourceTree = "<group>"; };
		92004366296F60A200A49070 /* RemoteFeedLoader.swift */ = {isa = PBXFileReference; fileEncoding = 4; lastKnownFileType = sourcecode.swift; path = RemoteFeedLoader.swift; sourceTree = "<group>"; };
		92004367296F60A200A49070 /* URLSessionHTTPClient.swift */ = {isa = PBXFileReference; fileEncoding = 4; lastKnownFileType = sourcecode.swift; path = URLSessionHTTPClient.swift; sourceTree = "<group>"; };
		9200436C296F60AF00A49070 /* FeedItemsMapper.swift */ = {isa = PBXFileReference; fileEncoding = 4; lastKnownFileType = sourcecode.swift; path = FeedItemsMapper.swift; sourceTree = "<group>"; };
		9200436F296F615C00A49070 /* LoadFeedFromRemoteUseCaseTests.swift */ = {isa = PBXFileReference; fileEncoding = 4; lastKnownFileType = sourcecode.swift; path = LoadFeedFromRemoteUseCaseTests.swift; sourceTree = "<group>"; };
		92004370296F615C00A49070 /* URLSessionHTTPClientTests.swift */ = {isa = PBXFileReference; fileEncoding = 4; lastKnownFileType = sourcecode.swift; path = URLSessionHTTPClientTests.swift; sourceTree = "<group>"; };
		92004374296F619100A49070 /* SharedTestHelpers.swift */ = {isa = PBXFileReference; fileEncoding = 4; lastKnownFileType = sourcecode.swift; path = SharedTestHelpers.swift; sourceTree = "<group>"; };
		9200438B296F625D00A49070 /* EssentialFeedEndToEndTests.xctest */ = {isa = PBXFileReference; explicitFileType = wrapper.cfbundle; includeInIndex = 0; path = EssentialFeedEndToEndTests.xctest; sourceTree = BUILT_PRODUCTS_DIR; };
		9200438D296F625E00A49070 /* EssentialFeedEndToEndTests.swift */ = {isa = PBXFileReference; lastKnownFileType = sourcecode.swift; path = EssentialFeedEndToEndTests.swift; sourceTree = "<group>"; };
		92004397296F63A000A49070 /* FeedStore.swift */ = {isa = PBXFileReference; fileEncoding = 4; lastKnownFileType = sourcecode.swift; path = FeedStore.swift; sourceTree = "<group>"; };
		92004398296F63A000A49070 /* LocalFeedLoader.swift */ = {isa = PBXFileReference; fileEncoding = 4; lastKnownFileType = sourcecode.swift; path = LocalFeedLoader.swift; sourceTree = "<group>"; };
		9200439C296F641800A49070 /* CacheFeedUseCaseTests.swift */ = {isa = PBXFileReference; fileEncoding = 4; lastKnownFileType = sourcecode.swift; path = CacheFeedUseCaseTests.swift; sourceTree = "<group>"; };
		9228A34529915359000502A7 /* FeedCachePolicy.swift */ = {isa = PBXFileReference; lastKnownFileType = sourcecode.swift; path = FeedCachePolicy.swift; sourceTree = "<group>"; };
		9252BD5129B9249B003F2306 /* CodableFeedStore.swift */ = {isa = PBXFileReference; lastKnownFileType = sourcecode.swift; path = CodableFeedStore.swift; sourceTree = "<group>"; };
		925CE35329701B64004C6859 /* RemoteFeedItem.swift */ = {isa = PBXFileReference; lastKnownFileType = sourcecode.swift; path = RemoteFeedItem.swift; sourceTree = "<group>"; };
		925CE35629701BD6004C6859 /* LocalFeedImage.swift */ = {isa = PBXFileReference; lastKnownFileType = sourcecode.swift; path = LocalFeedImage.swift; sourceTree = "<group>"; };
		927019E6296F5F6800AE7B38 /* EssentialFeed.framework */ = {isa = PBXFileReference; explicitFileType = wrapper.framework; includeInIndex = 0; path = EssentialFeed.framework; sourceTree = BUILT_PRODUCTS_DIR; };
		927019E9296F5F6800AE7B38 /* EssentialFeed.h */ = {isa = PBXFileReference; lastKnownFileType = sourcecode.c.h; path = EssentialFeed.h; sourceTree = "<group>"; };
		927019EE296F5F6800AE7B38 /* EssentialFeedTests.xctest */ = {isa = PBXFileReference; explicitFileType = wrapper.cfbundle; includeInIndex = 0; path = EssentialFeedTests.xctest; sourceTree = BUILT_PRODUCTS_DIR; };
		928BC39729BA02380075CF90 /* EssentialFeedCacheIntegrationTests.xctest */ = {isa = PBXFileReference; explicitFileType = wrapper.cfbundle; includeInIndex = 0; path = EssentialFeedCacheIntegrationTests.xctest; sourceTree = BUILT_PRODUCTS_DIR; };
		928BC39929BA02380075CF90 /* EssentialFeedCacheIntegrationTests.swift */ = {isa = PBXFileReference; lastKnownFileType = sourcecode.swift; path = EssentialFeedCacheIntegrationTests.swift; sourceTree = "<group>"; };
		92982AE529B7BB810042D359 /* CodableFeedStoreTests.swift */ = {isa = PBXFileReference; lastKnownFileType = sourcecode.swift; path = CodableFeedStoreTests.swift; sourceTree = "<group>"; };
		92D5854B2977229D001F4158 /* LoadFeedFromCacheUseCaseTests.swift */ = {isa = PBXFileReference; lastKnownFileType = sourcecode.swift; path = LoadFeedFromCacheUseCaseTests.swift; sourceTree = "<group>"; };
		92D5854E29772381001F4158 /* FeedStoreSpy.swift */ = {isa = PBXFileReference; lastKnownFileType = sourcecode.swift; path = FeedStoreSpy.swift; sourceTree = "<group>"; };
		92EB191E29B945F50078676A /* FeedStoreSpecs.swift */ = {isa = PBXFileReference; lastKnownFileType = sourcecode.swift; path = FeedStoreSpecs.swift; sourceTree = "<group>"; };
		92EB192029B946420078676A /* XCTestCase+FeedStoreSpecs.swift */ = {isa = PBXFileReference; lastKnownFileType = sourcecode.swift; path = "XCTestCase+FeedStoreSpecs.swift"; sourceTree = "<group>"; };
		92EB192229B947680078676A /* XCTestCase+FailableRetrieveFeedStoreSpecs.swift */ = {isa = PBXFileReference; lastKnownFileType = sourcecode.swift; path = "XCTestCase+FailableRetrieveFeedStoreSpecs.swift"; sourceTree = "<group>"; };
		92EB192429B947980078676A /* XCTestCase+FailableInsertFeedStoreSpecs.swift */ = {isa = PBXFileReference; lastKnownFileType = sourcecode.swift; path = "XCTestCase+FailableInsertFeedStoreSpecs.swift"; sourceTree = "<group>"; };
		92EB192629B947C60078676A /* XCTestCase+FailableDeleteFeedStoreSpecs.swift */ = {isa = PBXFileReference; lastKnownFileType = sourcecode.swift; path = "XCTestCase+FailableDeleteFeedStoreSpecs.swift"; sourceTree = "<group>"; };
		92FA2572297B2D400069722A /* ValidateFeedCacheUseCase.swift */ = {isa = PBXFileReference; lastKnownFileType = sourcecode.swift; path = ValidateFeedCacheUseCase.swift; sourceTree = "<group>"; };
		92FA2574297B34A90069722A /* FeedCacheTestHelpers.swift */ = {isa = PBXFileReference; lastKnownFileType = sourcecode.swift; path = FeedCacheTestHelpers.swift; sourceTree = "<group>"; };
/* End PBXFileReference section */

/* Begin PBXFrameworksBuildPhase section */
		92004388296F625D00A49070 /* Frameworks */ = {
			isa = PBXFrameworksBuildPhase;
			buildActionMask = 2147483647;
			files = (
				9200438F296F625E00A49070 /* EssentialFeed.framework in Frameworks */,
			);
			runOnlyForDeploymentPostprocessing = 0;
		};
		927019E3296F5F6800AE7B38 /* Frameworks */ = {
			isa = PBXFrameworksBuildPhase;
			buildActionMask = 2147483647;
			files = (
			);
			runOnlyForDeploymentPostprocessing = 0;
		};
		927019EB296F5F6800AE7B38 /* Frameworks */ = {
			isa = PBXFrameworksBuildPhase;
			buildActionMask = 2147483647;
			files = (
				927019EF296F5F6800AE7B38 /* EssentialFeed.framework in Frameworks */,
			);
			runOnlyForDeploymentPostprocessing = 0;
		};
		928BC39429BA02380075CF90 /* Frameworks */ = {
			isa = PBXFrameworksBuildPhase;
			buildActionMask = 2147483647;
			files = (
				928BC39B29BA02380075CF90 /* EssentialFeed.framework in Frameworks */,
			);
			runOnlyForDeploymentPostprocessing = 0;
		};
/* End PBXFrameworksBuildPhase section */

/* Begin PBXGroup section */
		9200435E296F5FD900A49070 /* App */ = {
			isa = PBXGroup;
			children = (
				927019E9296F5F6800AE7B38 /* EssentialFeed.h */,
			);
			name = App;
			sourceTree = "<group>";
		};
		9200435F296F5FE400A49070 /* Feed Feature */ = {
			isa = PBXGroup;
			children = (
				92004360296F602700A49070 /* FeedImage.swift */,
				92004361296F602700A49070 /* FeedLoader.swift */,
			);
			path = "Feed Feature";
			sourceTree = "<group>";
		};
		92004364296F607A00A49070 /* Feed API */ = {
			isa = PBXGroup;
			children = (
				9200436B296F60A600A49070 /* Helper */,
				925CE35229701B4D004C6859 /* DTO */,
				92004365296F60A200A49070 /* HTTPClient.swift */,
				92004366296F60A200A49070 /* RemoteFeedLoader.swift */,
				92004367296F60A200A49070 /* URLSessionHTTPClient.swift */,
			);
			path = "Feed API";
			sourceTree = "<group>";
		};
		9200436B296F60A600A49070 /* Helper */ = {
			isa = PBXGroup;
			children = (
				9200436C296F60AF00A49070 /* FeedItemsMapper.swift */,
			);
			path = Helper;
			sourceTree = "<group>";
		};
		9200436E296F614800A49070 /* Feed API */ = {
			isa = PBXGroup;
			children = (
				9200436F296F615C00A49070 /* LoadFeedFromRemoteUseCaseTests.swift */,
				92004370296F615C00A49070 /* URLSessionHTTPClientTests.swift */,
			);
			path = "Feed API";
			sourceTree = "<group>";
		};
		92004373296F618800A49070 /* Helper */ = {
			isa = PBXGroup;
			children = (
				92004374296F619100A49070 /* SharedTestHelpers.swift */,
			);
			path = Helper;
			sourceTree = "<group>";
		};
		9200438C296F625E00A49070 /* EssentialFeedEndToEndTests */ = {
			isa = PBXGroup;
			children = (
				9200438D296F625E00A49070 /* EssentialFeedEndToEndTests.swift */,
			);
			path = EssentialFeedEndToEndTests;
			sourceTree = "<group>";
		};
		92004396296F637D00A49070 /* Feed Cache */ = {
			isa = PBXGroup;
			children = (
				9228A34729919DB8000502A7 /* Domain */,
				925CE35529701BAA004C6859 /* DTO */,
				92004397296F63A000A49070 /* FeedStore.swift */,
				92004398296F63A000A49070 /* LocalFeedLoader.swift */,
				9252BD5129B9249B003F2306 /* CodableFeedStore.swift */,
			);
			path = "Feed Cache";
			sourceTree = "<group>";
		};
		9200439B296F63CA00A49070 /* Feed Cache */ = {
			isa = PBXGroup;
			children = (
				92EB191D29B945D90078676A /* FeedStoreSpecs */,
				92D5854D29772376001F4158 /* Helper */,
				9200439C296F641800A49070 /* CacheFeedUseCaseTests.swift */,
				92D5854B2977229D001F4158 /* LoadFeedFromCacheUseCaseTests.swift */,
				92FA2572297B2D400069722A /* ValidateFeedCacheUseCase.swift */,
				92982AE529B7BB810042D359 /* CodableFeedStoreTests.swift */,
			);
			path = "Feed Cache";
			sourceTree = "<group>";
		};
		9228A34729919DB8000502A7 /* Domain */ = {
			isa = PBXGroup;
			children = (
				9228A34529915359000502A7 /* FeedCachePolicy.swift */,
			);
			path = Domain;
			sourceTree = "<group>";
		};
		925CE35229701B4D004C6859 /* DTO */ = {
			isa = PBXGroup;
			children = (
				925CE35329701B64004C6859 /* RemoteFeedItem.swift */,
			);
			path = DTO;
			sourceTree = "<group>";
		};
		925CE35529701BAA004C6859 /* DTO */ = {
			isa = PBXGroup;
			children = (
				925CE35629701BD6004C6859 /* LocalFeedImage.swift */,
			);
			path = DTO;
			sourceTree = "<group>";
		};
		927019DC296F5F6800AE7B38 = {
			isa = PBXGroup;
			children = (
				927019E8296F5F6800AE7B38 /* EssentialFeed */,
				927019F2296F5F6900AE7B38 /* EssentialFeedTests */,
				9200438C296F625E00A49070 /* EssentialFeedEndToEndTests */,
				928BC39829BA02380075CF90 /* EssentialFeedCacheIntegrationTests */,
				927019E7296F5F6800AE7B38 /* Products */,
			);
			sourceTree = "<group>";
		};
		927019E7296F5F6800AE7B38 /* Products */ = {
			isa = PBXGroup;
			children = (
				927019E6296F5F6800AE7B38 /* EssentialFeed.framework */,
				927019EE296F5F6800AE7B38 /* EssentialFeedTests.xctest */,
				9200438B296F625D00A49070 /* EssentialFeedEndToEndTests.xctest */,
				928BC39729BA02380075CF90 /* EssentialFeedCacheIntegrationTests.xctest */,
			);
			name = Products;
			sourceTree = "<group>";
		};
		927019E8296F5F6800AE7B38 /* EssentialFeed */ = {
			isa = PBXGroup;
			children = (
				9200435E296F5FD900A49070 /* App */,
				9200435F296F5FE400A49070 /* Feed Feature */,
				92004364296F607A00A49070 /* Feed API */,
				92004396296F637D00A49070 /* Feed Cache */,
			);
			path = EssentialFeed;
			sourceTree = "<group>";
		};
		927019F2296F5F6900AE7B38 /* EssentialFeedTests */ = {
			isa = PBXGroup;
			children = (
				92004373296F618800A49070 /* Helper */,
				9200436E296F614800A49070 /* Feed API */,
				9200439B296F63CA00A49070 /* Feed Cache */,
			);
			path = EssentialFeedTests;
			sourceTree = "<group>";
		};
		928BC39829BA02380075CF90 /* EssentialFeedCacheIntegrationTests */ = {
			isa = PBXGroup;
			children = (
				928BC39929BA02380075CF90 /* EssentialFeedCacheIntegrationTests.swift */,
			);
			path = EssentialFeedCacheIntegrationTests;
			sourceTree = "<group>";
		};
		92D5854D29772376001F4158 /* Helper */ = {
			isa = PBXGroup;
			children = (
				92D5854E29772381001F4158 /* FeedStoreSpy.swift */,
				92FA2574297B34A90069722A /* FeedCacheTestHelpers.swift */,
			);
			path = Helper;
			sourceTree = "<group>";
		};
		92EB191D29B945D90078676A /* FeedStoreSpecs */ = {
			isa = PBXGroup;
			children = (
				92EB191E29B945F50078676A /* FeedStoreSpecs.swift */,
				92EB192029B946420078676A /* XCTestCase+FeedStoreSpecs.swift */,
				92EB192229B947680078676A /* XCTestCase+FailableRetrieveFeedStoreSpecs.swift */,
				92EB192629B947C60078676A /* XCTestCase+FailableDeleteFeedStoreSpecs.swift */,
				92EB192429B947980078676A /* XCTestCase+FailableInsertFeedStoreSpecs.swift */,
			);
			path = FeedStoreSpecs;
			sourceTree = "<group>";
		};
/* End PBXGroup section */

/* Begin PBXHeadersBuildPhase section */
		927019E1296F5F6800AE7B38 /* Headers */ = {
			isa = PBXHeadersBuildPhase;
			buildActionMask = 2147483647;
			files = (
				927019F5296F5F6900AE7B38 /* EssentialFeed.h in Headers */,
			);
			runOnlyForDeploymentPostprocessing = 0;
		};
/* End PBXHeadersBuildPhase section */

/* Begin PBXNativeTarget section */
		9200438A296F625D00A49070 /* EssentialFeedEndToEndTests */ = {
			isa = PBXNativeTarget;
			buildConfigurationList = 92004392296F625E00A49070 /* Build configuration list for PBXNativeTarget "EssentialFeedEndToEndTests" */;
			buildPhases = (
				92004387296F625D00A49070 /* Sources */,
				92004388296F625D00A49070 /* Frameworks */,
				92004389296F625D00A49070 /* Resources */,
			);
			buildRules = (
			);
			dependencies = (
				92004391296F625E00A49070 /* PBXTargetDependency */,
			);
			name = EssentialFeedEndToEndTests;
			productName = EssentialFeedEndToEndTests;
			productReference = 9200438B296F625D00A49070 /* EssentialFeedEndToEndTests.xctest */;
			productType = "com.apple.product-type.bundle.unit-test";
		};
		927019E5296F5F6800AE7B38 /* EssentialFeed */ = {
			isa = PBXNativeTarget;
			buildConfigurationList = 927019F8296F5F6900AE7B38 /* Build configuration list for PBXNativeTarget "EssentialFeed" */;
			buildPhases = (
				927019E1296F5F6800AE7B38 /* Headers */,
				927019E2296F5F6800AE7B38 /* Sources */,
				927019E3296F5F6800AE7B38 /* Frameworks */,
				927019E4296F5F6800AE7B38 /* Resources */,
			);
			buildRules = (
			);
			dependencies = (
			);
			name = EssentialFeed;
			productName = EssentialFeed;
			productReference = 927019E6296F5F6800AE7B38 /* EssentialFeed.framework */;
			productType = "com.apple.product-type.framework";
		};
		927019ED296F5F6800AE7B38 /* EssentialFeedTests */ = {
			isa = PBXNativeTarget;
			buildConfigurationList = 927019FB296F5F6900AE7B38 /* Build configuration list for PBXNativeTarget "EssentialFeedTests" */;
			buildPhases = (
				927019EA296F5F6800AE7B38 /* Sources */,
				927019EB296F5F6800AE7B38 /* Frameworks */,
				927019EC296F5F6800AE7B38 /* Resources */,
			);
			buildRules = (
			);
			dependencies = (
				927019F1296F5F6800AE7B38 /* PBXTargetDependency */,
			);
			name = EssentialFeedTests;
			productName = EssentialFeedTests;
			productReference = 927019EE296F5F6800AE7B38 /* EssentialFeedTests.xctest */;
			productType = "com.apple.product-type.bundle.unit-test";
		};
		928BC39629BA02380075CF90 /* EssentialFeedCacheIntegrationTests */ = {
			isa = PBXNativeTarget;
			buildConfigurationList = 928BC39E29BA02380075CF90 /* Build configuration list for PBXNativeTarget "EssentialFeedCacheIntegrationTests" */;
			buildPhases = (
				928BC39329BA02380075CF90 /* Sources */,
				928BC39429BA02380075CF90 /* Frameworks */,
				928BC39529BA02380075CF90 /* Resources */,
			);
			buildRules = (
			);
			dependencies = (
				928BC39D29BA02380075CF90 /* PBXTargetDependency */,
			);
			name = EssentialFeedCacheIntegrationTests;
			productName = EssentialFeedCacheIntegrationTests;
			productReference = 928BC39729BA02380075CF90 /* EssentialFeedCacheIntegrationTests.xctest */;
			productType = "com.apple.product-type.bundle.unit-test";
		};
/* End PBXNativeTarget section */

/* Begin PBXProject section */
		927019DD296F5F6800AE7B38 /* Project object */ = {
			isa = PBXProject;
			attributes = {
				BuildIndependentTargetsInParallel = 1;
				LastSwiftUpdateCheck = 1420;
				LastUpgradeCheck = 1420;
				TargetAttributes = {
					9200438A296F625D00A49070 = {
						CreatedOnToolsVersion = 14.2;
					};
					927019E5296F5F6800AE7B38 = {
						CreatedOnToolsVersion = 14.2;
						LastSwiftMigration = 1420;
					};
					927019ED296F5F6800AE7B38 = {
						CreatedOnToolsVersion = 14.2;
					};
					928BC39629BA02380075CF90 = {
						CreatedOnToolsVersion = 14.2;
					};
				};
			};
			buildConfigurationList = 927019E0296F5F6800AE7B38 /* Build configuration list for PBXProject "EssentialFeed" */;
			compatibilityVersion = "Xcode 14.0";
			developmentRegion = en;
			hasScannedForEncodings = 0;
			knownRegions = (
				en,
				Base,
			);
			mainGroup = 927019DC296F5F6800AE7B38;
			productRefGroup = 927019E7296F5F6800AE7B38 /* Products */;
			projectDirPath = "";
			projectRoot = "";
			targets = (
				927019E5296F5F6800AE7B38 /* EssentialFeed */,
				927019ED296F5F6800AE7B38 /* EssentialFeedTests */,
				9200438A296F625D00A49070 /* EssentialFeedEndToEndTests */,
				928BC39629BA02380075CF90 /* EssentialFeedCacheIntegrationTests */,
			);
		};
/* End PBXProject section */

/* Begin PBXResourcesBuildPhase section */
		92004389296F625D00A49070 /* Resources */ = {
			isa = PBXResourcesBuildPhase;
			buildActionMask = 2147483647;
			files = (
			);
			runOnlyForDeploymentPostprocessing = 0;
		};
		927019E4296F5F6800AE7B38 /* Resources */ = {
			isa = PBXResourcesBuildPhase;
			buildActionMask = 2147483647;
			files = (
			);
			runOnlyForDeploymentPostprocessing = 0;
		};
		927019EC296F5F6800AE7B38 /* Resources */ = {
			isa = PBXResourcesBuildPhase;
			buildActionMask = 2147483647;
			files = (
			);
			runOnlyForDeploymentPostprocessing = 0;
		};
		928BC39529BA02380075CF90 /* Resources */ = {
			isa = PBXResourcesBuildPhase;
			buildActionMask = 2147483647;
			files = (
			);
			runOnlyForDeploymentPostprocessing = 0;
		};
/* End PBXResourcesBuildPhase section */

/* Begin PBXSourcesBuildPhase section */
		92004387296F625D00A49070 /* Sources */ = {
			isa = PBXSourcesBuildPhase;
			buildActionMask = 2147483647;
			files = (
				9200438E296F625E00A49070 /* EssentialFeedEndToEndTests.swift in Sources */,
				92004395296F629800A49070 /* SharedTestHelpers.swift in Sources */,
			);
			runOnlyForDeploymentPostprocessing = 0;
		};
		927019E2296F5F6800AE7B38 /* Sources */ = {
			isa = PBXSourcesBuildPhase;
			buildActionMask = 2147483647;
			files = (
				92004369296F60A200A49070 /* RemoteFeedLoader.swift in Sources */,
				9200436A296F60A200A49070 /* URLSessionHTTPClient.swift in Sources */,
				925CE35429701B64004C6859 /* RemoteFeedItem.swift in Sources */,
				9228A34629915359000502A7 /* FeedCachePolicy.swift in Sources */,
				92004363296F602700A49070 /* FeedLoader.swift in Sources */,
				925CE35729701BD7004C6859 /* LocalFeedImage.swift in Sources */,
				9200436D296F60AF00A49070 /* FeedItemsMapper.swift in Sources */,
				92004399296F63A000A49070 /* FeedStore.swift in Sources */,
				9252BD5229B9249B003F2306 /* CodableFeedStore.swift in Sources */,
				92004362296F602700A49070 /* FeedImage.swift in Sources */,
				9200439A296F63A000A49070 /* LocalFeedLoader.swift in Sources */,
				92004368296F60A200A49070 /* HTTPClient.swift in Sources */,
			);
			runOnlyForDeploymentPostprocessing = 0;
		};
		927019EA296F5F6800AE7B38 /* Sources */ = {
			isa = PBXSourcesBuildPhase;
			buildActionMask = 2147483647;
			files = (
				92004371296F615C00A49070 /* LoadFeedFromRemoteUseCaseTests.swift in Sources */,
				92EB192329B947680078676A /* XCTestCase+FailableRetrieveFeedStoreSpecs.swift in Sources */,
				92D5854F29772381001F4158 /* FeedStoreSpy.swift in Sources */,
				92EB191F29B945F50078676A /* FeedStoreSpecs.swift in Sources */,
				92004372296F615C00A49070 /* URLSessionHTTPClientTests.swift in Sources */,
				92982AE629B7BB810042D359 /* CodableFeedStoreTests.swift in Sources */,
				92EB192729B947C60078676A /* XCTestCase+FailableDeleteFeedStoreSpecs.swift in Sources */,
				92EB192129B946420078676A /* XCTestCase+FeedStoreSpecs.swift in Sources */,
				92EB192529B947980078676A /* XCTestCase+FailableInsertFeedStoreSpecs.swift in Sources */,
				9200439D296F641800A49070 /* CacheFeedUseCaseTests.swift in Sources */,
				92FA2575297B34A90069722A /* FeedCacheTestHelpers.swift in Sources */,
				92FA2573297B2D400069722A /* ValidateFeedCacheUseCase.swift in Sources */,
				92D5854C2977229D001F4158 /* LoadFeedFromCacheUseCaseTests.swift in Sources */,
				92004375296F619100A49070 /* SharedTestHelpers.swift in Sources */,
			);
			runOnlyForDeploymentPostprocessing = 0;
		};
		928BC39329BA02380075CF90 /* Sources */ = {
			isa = PBXSourcesBuildPhase;
			buildActionMask = 2147483647;
			files = (
				928BC39A29BA02380075CF90 /* EssentialFeedCacheIntegrationTests.swift in Sources */,
			);
			runOnlyForDeploymentPostprocessing = 0;
		};
/* End PBXSourcesBuildPhase section */

/* Begin PBXTargetDependency section */
		92004391296F625E00A49070 /* PBXTargetDependency */ = {
			isa = PBXTargetDependency;
			target = 927019E5296F5F6800AE7B38 /* EssentialFeed */;
			targetProxy = 92004390296F625E00A49070 /* PBXContainerItemProxy */;
		};
		927019F1296F5F6800AE7B38 /* PBXTargetDependency */ = {
			isa = PBXTargetDependency;
			target = 927019E5296F5F6800AE7B38 /* EssentialFeed */;
			targetProxy = 927019F0296F5F6800AE7B38 /* PBXContainerItemProxy */;
		};
		928BC39D29BA02380075CF90 /* PBXTargetDependency */ = {
			isa = PBXTargetDependency;
			target = 927019E5296F5F6800AE7B38 /* EssentialFeed */;
			targetProxy = 928BC39C29BA02380075CF90 /* PBXContainerItemProxy */;
		};
/* End PBXTargetDependency section */

/* Begin XCBuildConfiguration section */
		92004393296F625E00A49070 /* Debug */ = {
			isa = XCBuildConfiguration;
			buildSettings = {
				CODE_SIGN_STYLE = Automatic;
				CURRENT_PROJECT_VERSION = 1;
				GENERATE_INFOPLIST_FILE = YES;
				MACOSX_DEPLOYMENT_TARGET = 12.0;
				MARKETING_VERSION = 1.0;
				PRODUCT_BUNDLE_IDENTIFIER = essentials.EssentialFeedEndToEndTests;
				PRODUCT_NAME = "$(TARGET_NAME)";
				SDKROOT = macosx;
				SWIFT_EMIT_LOC_STRINGS = NO;
				SWIFT_VERSION = 5.0;
			};
			name = Debug;
		};
		92004394296F625E00A49070 /* Release */ = {
			isa = XCBuildConfiguration;
			buildSettings = {
				CODE_SIGN_STYLE = Automatic;
				CURRENT_PROJECT_VERSION = 1;
				GENERATE_INFOPLIST_FILE = YES;
				MACOSX_DEPLOYMENT_TARGET = 12.0;
				MARKETING_VERSION = 1.0;
				PRODUCT_BUNDLE_IDENTIFIER = essentials.EssentialFeedEndToEndTests;
				PRODUCT_NAME = "$(TARGET_NAME)";
				SDKROOT = macosx;
				SWIFT_EMIT_LOC_STRINGS = NO;
				SWIFT_VERSION = 5.0;
			};
			name = Release;
		};
		927019F6296F5F6900AE7B38 /* Debug */ = {
			isa = XCBuildConfiguration;
			buildSettings = {
				ALWAYS_SEARCH_USER_PATHS = NO;
				CLANG_ANALYZER_NONNULL = YES;
				CLANG_ANALYZER_NUMBER_OBJECT_CONVERSION = YES_AGGRESSIVE;
				CLANG_CXX_LANGUAGE_STANDARD = "gnu++20";
				CLANG_ENABLE_MODULES = YES;
				CLANG_ENABLE_OBJC_ARC = YES;
				CLANG_ENABLE_OBJC_WEAK = YES;
				CLANG_WARN_BLOCK_CAPTURE_AUTORELEASING = YES;
				CLANG_WARN_BOOL_CONVERSION = YES;
				CLANG_WARN_COMMA = YES;
				CLANG_WARN_CONSTANT_CONVERSION = YES;
				CLANG_WARN_DEPRECATED_OBJC_IMPLEMENTATIONS = YES;
				CLANG_WARN_DIRECT_OBJC_ISA_USAGE = YES_ERROR;
				CLANG_WARN_DOCUMENTATION_COMMENTS = YES;
				CLANG_WARN_EMPTY_BODY = YES;
				CLANG_WARN_ENUM_CONVERSION = YES;
				CLANG_WARN_INFINITE_RECURSION = YES;
				CLANG_WARN_INT_CONVERSION = YES;
				CLANG_WARN_NON_LITERAL_NULL_CONVERSION = YES;
				CLANG_WARN_OBJC_IMPLICIT_RETAIN_SELF = YES;
				CLANG_WARN_OBJC_LITERAL_CONVERSION = YES;
				CLANG_WARN_OBJC_ROOT_CLASS = YES_ERROR;
				CLANG_WARN_QUOTED_INCLUDE_IN_FRAMEWORK_HEADER = YES;
				CLANG_WARN_RANGE_LOOP_ANALYSIS = YES;
				CLANG_WARN_STRICT_PROTOTYPES = YES;
				CLANG_WARN_SUSPICIOUS_MOVE = YES;
				CLANG_WARN_UNGUARDED_AVAILABILITY = YES_AGGRESSIVE;
				CLANG_WARN_UNREACHABLE_CODE = YES;
				CLANG_WARN__DUPLICATE_METHOD_MATCH = YES;
				COPY_PHASE_STRIP = NO;
				CURRENT_PROJECT_VERSION = 1;
				DEBUG_INFORMATION_FORMAT = dwarf;
				ENABLE_STRICT_OBJC_MSGSEND = YES;
				ENABLE_TESTABILITY = YES;
				GCC_C_LANGUAGE_STANDARD = gnu11;
				GCC_DYNAMIC_NO_PIC = NO;
				GCC_NO_COMMON_BLOCKS = YES;
				GCC_OPTIMIZATION_LEVEL = 0;
				GCC_PREPROCESSOR_DEFINITIONS = (
					"DEBUG=1",
					"$(inherited)",
				);
				GCC_WARN_64_TO_32_BIT_CONVERSION = YES;
				GCC_WARN_ABOUT_RETURN_TYPE = YES_ERROR;
				GCC_WARN_UNDECLARED_SELECTOR = YES;
				GCC_WARN_UNINITIALIZED_AUTOS = YES_AGGRESSIVE;
				GCC_WARN_UNUSED_FUNCTION = YES;
				GCC_WARN_UNUSED_VARIABLE = YES;
				MTL_ENABLE_DEBUG_INFO = INCLUDE_SOURCE;
				MTL_FAST_MATH = YES;
				ONLY_ACTIVE_ARCH = YES;
				SWIFT_ACTIVE_COMPILATION_CONDITIONS = DEBUG;
				SWIFT_OPTIMIZATION_LEVEL = "-Onone";
				VERSIONING_SYSTEM = "apple-generic";
				VERSION_INFO_PREFIX = "";
			};
			name = Debug;
		};
		927019F7296F5F6900AE7B38 /* Release */ = {
			isa = XCBuildConfiguration;
			buildSettings = {
				ALWAYS_SEARCH_USER_PATHS = NO;
				CLANG_ANALYZER_NONNULL = YES;
				CLANG_ANALYZER_NUMBER_OBJECT_CONVERSION = YES_AGGRESSIVE;
				CLANG_CXX_LANGUAGE_STANDARD = "gnu++20";
				CLANG_ENABLE_MODULES = YES;
				CLANG_ENABLE_OBJC_ARC = YES;
				CLANG_ENABLE_OBJC_WEAK = YES;
				CLANG_WARN_BLOCK_CAPTURE_AUTORELEASING = YES;
				CLANG_WARN_BOOL_CONVERSION = YES;
				CLANG_WARN_COMMA = YES;
				CLANG_WARN_CONSTANT_CONVERSION = YES;
				CLANG_WARN_DEPRECATED_OBJC_IMPLEMENTATIONS = YES;
				CLANG_WARN_DIRECT_OBJC_ISA_USAGE = YES_ERROR;
				CLANG_WARN_DOCUMENTATION_COMMENTS = YES;
				CLANG_WARN_EMPTY_BODY = YES;
				CLANG_WARN_ENUM_CONVERSION = YES;
				CLANG_WARN_INFINITE_RECURSION = YES;
				CLANG_WARN_INT_CONVERSION = YES;
				CLANG_WARN_NON_LITERAL_NULL_CONVERSION = YES;
				CLANG_WARN_OBJC_IMPLICIT_RETAIN_SELF = YES;
				CLANG_WARN_OBJC_LITERAL_CONVERSION = YES;
				CLANG_WARN_OBJC_ROOT_CLASS = YES_ERROR;
				CLANG_WARN_QUOTED_INCLUDE_IN_FRAMEWORK_HEADER = YES;
				CLANG_WARN_RANGE_LOOP_ANALYSIS = YES;
				CLANG_WARN_STRICT_PROTOTYPES = YES;
				CLANG_WARN_SUSPICIOUS_MOVE = YES;
				CLANG_WARN_UNGUARDED_AVAILABILITY = YES_AGGRESSIVE;
				CLANG_WARN_UNREACHABLE_CODE = YES;
				CLANG_WARN__DUPLICATE_METHOD_MATCH = YES;
				COPY_PHASE_STRIP = NO;
				CURRENT_PROJECT_VERSION = 1;
				DEBUG_INFORMATION_FORMAT = "dwarf-with-dsym";
				ENABLE_NS_ASSERTIONS = NO;
				ENABLE_STRICT_OBJC_MSGSEND = YES;
				GCC_C_LANGUAGE_STANDARD = gnu11;
				GCC_NO_COMMON_BLOCKS = YES;
				GCC_WARN_64_TO_32_BIT_CONVERSION = YES;
				GCC_WARN_ABOUT_RETURN_TYPE = YES_ERROR;
				GCC_WARN_UNDECLARED_SELECTOR = YES;
				GCC_WARN_UNINITIALIZED_AUTOS = YES_AGGRESSIVE;
				GCC_WARN_UNUSED_FUNCTION = YES;
				GCC_WARN_UNUSED_VARIABLE = YES;
				MTL_ENABLE_DEBUG_INFO = NO;
				MTL_FAST_MATH = YES;
				SWIFT_COMPILATION_MODE = wholemodule;
				SWIFT_OPTIMIZATION_LEVEL = "-O";
				VERSIONING_SYSTEM = "apple-generic";
				VERSION_INFO_PREFIX = "";
			};
			name = Release;
		};
		927019F9296F5F6900AE7B38 /* Debug */ = {
			isa = XCBuildConfiguration;
			buildSettings = {
				CLANG_ENABLE_MODULES = YES;
				CODE_SIGN_STYLE = Automatic;
				CURRENT_PROJECT_VERSION = 1;
				DEFINES_MODULE = YES;
				DYLIB_COMPATIBILITY_VERSION = 1;
				DYLIB_CURRENT_VERSION = 1;
				DYLIB_INSTALL_NAME_BASE = "@rpath";
				GENERATE_INFOPLIST_FILE = YES;
				INFOPLIST_KEY_NSHumanReadableCopyright = "";
				INSTALL_PATH = "$(LOCAL_LIBRARY_DIR)/Frameworks";
				IPHONEOS_DEPLOYMENT_TARGET = 15.0;
				LD_RUNPATH_SEARCH_PATHS = (
					"@executable_path/Frameworks",
					"@loader_path/Frameworks",
				);
				"LD_RUNPATH_SEARCH_PATHS[sdk=macosx*]" = (
					"@executable_path/../Frameworks",
					"@loader_path/Frameworks",
				);
				MACOSX_DEPLOYMENT_TARGET = 12.0;
				MARKETING_VERSION = 1.0;
				PRODUCT_BUNDLE_IDENTIFIER = essentials.EssentialFeed;
				PRODUCT_NAME = "$(TARGET_NAME:c99extidentifier)";
				SDKROOT = auto;
				SKIP_INSTALL = YES;
				SUPPORTED_PLATFORMS = "iphoneos iphonesimulator macosx";
				SWIFT_EMIT_LOC_STRINGS = YES;
				SWIFT_OPTIMIZATION_LEVEL = "-Onone";
				SWIFT_VERSION = 5.0;
				TARGETED_DEVICE_FAMILY = "1,2";
			};
			name = Debug;
		};
		927019FA296F5F6900AE7B38 /* Release */ = {
			isa = XCBuildConfiguration;
			buildSettings = {
				CLANG_ENABLE_MODULES = YES;
				CODE_SIGN_STYLE = Automatic;
				CURRENT_PROJECT_VERSION = 1;
				DEFINES_MODULE = YES;
				DYLIB_COMPATIBILITY_VERSION = 1;
				DYLIB_CURRENT_VERSION = 1;
				DYLIB_INSTALL_NAME_BASE = "@rpath";
				GENERATE_INFOPLIST_FILE = YES;
				INFOPLIST_KEY_NSHumanReadableCopyright = "";
				INSTALL_PATH = "$(LOCAL_LIBRARY_DIR)/Frameworks";
				IPHONEOS_DEPLOYMENT_TARGET = 15.0;
				LD_RUNPATH_SEARCH_PATHS = (
					"@executable_path/Frameworks",
					"@loader_path/Frameworks",
				);
				"LD_RUNPATH_SEARCH_PATHS[sdk=macosx*]" = (
					"@executable_path/../Frameworks",
					"@loader_path/Frameworks",
				);
				MACOSX_DEPLOYMENT_TARGET = 12.0;
				MARKETING_VERSION = 1.0;
				PRODUCT_BUNDLE_IDENTIFIER = essentials.EssentialFeed;
				PRODUCT_NAME = "$(TARGET_NAME:c99extidentifier)";
				SDKROOT = auto;
				SKIP_INSTALL = YES;
				SUPPORTED_PLATFORMS = "iphoneos iphonesimulator macosx";
				SWIFT_EMIT_LOC_STRINGS = YES;
				SWIFT_VERSION = 5.0;
				TARGETED_DEVICE_FAMILY = "1,2";
			};
			name = Release;
		};
		927019FC296F5F6900AE7B38 /* Debug */ = {
			isa = XCBuildConfiguration;
			buildSettings = {
				ALWAYS_EMBED_SWIFT_STANDARD_LIBRARIES = YES;
				CODE_SIGN_STYLE = Automatic;
				CURRENT_PROJECT_VERSION = 1;
				GENERATE_INFOPLIST_FILE = YES;
				IPHONEOS_DEPLOYMENT_TARGET = 15.0;
				MACOSX_DEPLOYMENT_TARGET = 12.0;
				MARKETING_VERSION = 1.0;
				PRODUCT_BUNDLE_IDENTIFIER = essentials.EssentialFeedTests;
				PRODUCT_NAME = "$(TARGET_NAME)";
				SDKROOT = auto;
				SUPPORTED_PLATFORMS = "iphoneos iphonesimulator macosx";
				SWIFT_EMIT_LOC_STRINGS = NO;
				SWIFT_VERSION = 5.0;
				TARGETED_DEVICE_FAMILY = "1,2";
			};
			name = Debug;
		};
		927019FD296F5F6900AE7B38 /* Release */ = {
			isa = XCBuildConfiguration;
			buildSettings = {
				ALWAYS_EMBED_SWIFT_STANDARD_LIBRARIES = YES;
				CODE_SIGN_STYLE = Automatic;
				CURRENT_PROJECT_VERSION = 1;
				GENERATE_INFOPLIST_FILE = YES;
				IPHONEOS_DEPLOYMENT_TARGET = 15.0;
				MACOSX_DEPLOYMENT_TARGET = 12.0;
				MARKETING_VERSION = 1.0;
				PRODUCT_BUNDLE_IDENTIFIER = essentials.EssentialFeedTests;
				PRODUCT_NAME = "$(TARGET_NAME)";
				SDKROOT = auto;
				SUPPORTED_PLATFORMS = "iphoneos iphonesimulator macosx";
				SWIFT_EMIT_LOC_STRINGS = NO;
				SWIFT_VERSION = 5.0;
				TARGETED_DEVICE_FAMILY = "1,2";
			};
			name = Release;
		};
		928BC39F29BA02380075CF90 /* Debug */ = {
			isa = XCBuildConfiguration;
			buildSettings = {
				CODE_SIGN_STYLE = Automatic;
				CURRENT_PROJECT_VERSION = 1;
				GENERATE_INFOPLIST_FILE = YES;
				MACOSX_DEPLOYMENT_TARGET = 13.1;
				MARKETING_VERSION = 1.0;
				PRODUCT_BUNDLE_IDENTIFIER = test.EssentialFeedCacheIntegrationTests;
				PRODUCT_NAME = "$(TARGET_NAME)";
				SDKROOT = macosx;
				SWIFT_EMIT_LOC_STRINGS = NO;
				SWIFT_VERSION = 5.0;
			};
			name = Debug;
		};
		928BC3A029BA02380075CF90 /* Release */ = {
			isa = XCBuildConfiguration;
			buildSettings = {
				CODE_SIGN_STYLE = Automatic;
				CURRENT_PROJECT_VERSION = 1;
				GENERATE_INFOPLIST_FILE = YES;
				MACOSX_DEPLOYMENT_TARGET = 13.1;
				MARKETING_VERSION = 1.0;
				PRODUCT_BUNDLE_IDENTIFIER = test.EssentialFeedCacheIntegrationTests;
				PRODUCT_NAME = "$(TARGET_NAME)";
				SDKROOT = macosx;
				SWIFT_EMIT_LOC_STRINGS = NO;
				SWIFT_VERSION = 5.0;
			};
			name = Release;
		};
/* End XCBuildConfiguration section */

/* Begin XCConfigurationList section */
		92004392296F625E00A49070 /* Build configuration list for PBXNativeTarget "EssentialFeedEndToEndTests" */ = {
			isa = XCConfigurationList;
			buildConfigurations = (
				92004393296F625E00A49070 /* Debug */,
				92004394296F625E00A49070 /* Release */,
			);
			defaultConfigurationIsVisible = 0;
			defaultConfigurationName = Release;
		};
		927019E0296F5F6800AE7B38 /* Build configuration list for PBXProject "EssentialFeed" */ = {
			isa = XCConfigurationList;
			buildConfigurations = (
				927019F6296F5F6900AE7B38 /* Debug */,
				927019F7296F5F6900AE7B38 /* Release */,
			);
			defaultConfigurationIsVisible = 0;
			defaultConfigurationName = Release;
		};
		927019F8296F5F6900AE7B38 /* Build configuration list for PBXNativeTarget "EssentialFeed" */ = {
			isa = XCConfigurationList;
			buildConfigurations = (
				927019F9296F5F6900AE7B38 /* Debug */,
				927019FA296F5F6900AE7B38 /* Release */,
			);
			defaultConfigurationIsVisible = 0;
			defaultConfigurationName = Release;
		};
		927019FB296F5F6900AE7B38 /* Build configuration list for PBXNativeTarget "EssentialFeedTests" */ = {
			isa = XCConfigurationList;
			buildConfigurations = (
				927019FC296F5F6900AE7B38 /* Debug */,
				927019FD296F5F6900AE7B38 /* Release */,
			);
			defaultConfigurationIsVisible = 0;
			defaultConfigurationName = Release;
		};
		928BC39E29BA02380075CF90 /* Build configuration list for PBXNativeTarget "EssentialFeedCacheIntegrationTests" */ = {
			isa = XCConfigurationList;
			buildConfigurations = (
				928BC39F29BA02380075CF90 /* Debug */,
				928BC3A029BA02380075CF90 /* Release */,
			);
			defaultConfigurationIsVisible = 0;
			defaultConfigurationName = Release;
		};
/* End XCConfigurationList section */
	};
	rootObject = 927019DD296F5F6800AE7B38 /* Project object */;
}
