// !$*UTF8*$!
{
	archiveVersion = 1;
	classes = {
	};
	objectVersion = 56;
	objects = {

/* Begin PBXBuildFile section */
		921AE8CE29F7FD7F0047FA6F /* EssentialFeed.framework in Frameworks */ = {isa = PBXBuildFile; fileRef = 921AE8CD29F7FD7F0047FA6F /* EssentialFeed.framework */; };
		921AE8CF29F7FD7F0047FA6F /* EssentialFeed.framework in Embed Frameworks */ = {isa = PBXBuildFile; fileRef = 921AE8CD29F7FD7F0047FA6F /* EssentialFeed.framework */; settings = {ATTRIBUTES = (CodeSignOnCopy, RemoveHeadersOnCopy, ); }; };
		921AE8D229F7FD820047FA6F /* EssentialFeediOS.framework in Frameworks */ = {isa = PBXBuildFile; fileRef = 921AE8D129F7FD820047FA6F /* EssentialFeediOS.framework */; };
		921AE8D329F7FD820047FA6F /* EssentialFeediOS.framework in Embed Frameworks */ = {isa = PBXBuildFile; fileRef = 921AE8D129F7FD820047FA6F /* EssentialFeediOS.framework */; settings = {ATTRIBUTES = (CodeSignOnCopy, RemoveHeadersOnCopy, ); }; };
		9235A83429F97C75002C2BFE /* EssentialAppUITests.swift in Sources */ = {isa = PBXBuildFile; fileRef = 9235A83329F97C75002C2BFE /* EssentialAppUITests.swift */; };
		92460AAB29F95CD600BFA5CD /* FeedImageDataLoaderCacheDecorator.swift in Sources */ = {isa = PBXBuildFile; fileRef = 92460AAA29F95CD600BFA5CD /* FeedImageDataLoaderCacheDecorator.swift */; };
		9256EEC429F8519A001049B0 /* FeedLoaderWithFallbackCompositeTests.swift in Sources */ = {isa = PBXBuildFile; fileRef = 9256EEC329F8519A001049B0 /* FeedLoaderWithFallbackCompositeTests.swift */; };
		9256EEC629F853A8001049B0 /* FeedLoaderWithFallbackComposite.swift in Sources */ = {isa = PBXBuildFile; fileRef = 9256EEC529F853A8001049B0 /* FeedLoaderWithFallbackComposite.swift */; };
		9256EEC829F8549E001049B0 /* FeedImageDataLoaderWithFallbackCompositeTests.swift in Sources */ = {isa = PBXBuildFile; fileRef = 9256EEC729F8549E001049B0 /* FeedImageDataLoaderWithFallbackCompositeTests.swift */; };
		9276E2ED29F9B2B00052CE8C /* SceneDelegateTests.swift in Sources */ = {isa = PBXBuildFile; fileRef = 9276E2EC29F9B2B00052CE8C /* SceneDelegateTests.swift */; };
		9276E2F729F9B4170052CE8C /* WekRefVirtualProxy.swift in Sources */ = {isa = PBXBuildFile; fileRef = 9276E2F129F9B4160052CE8C /* WekRefVirtualProxy.swift */; };
		9276E2F829F9B4170052CE8C /* FeedImageDataLoaderPresentationAdapter.swift in Sources */ = {isa = PBXBuildFile; fileRef = 9276E2F229F9B4160052CE8C /* FeedImageDataLoaderPresentationAdapter.swift */; };
		9276E2F929F9B4170052CE8C /* FeedUIComposer.swift in Sources */ = {isa = PBXBuildFile; fileRef = 9276E2F329F9B4160052CE8C /* FeedUIComposer.swift */; };
		9276E2FA29F9B4170052CE8C /* MainQueueDispatchDecorator.swift in Sources */ = {isa = PBXBuildFile; fileRef = 9276E2F429F9B4160052CE8C /* MainQueueDispatchDecorator.swift */; };
		9276E2FB29F9B4170052CE8C /* FeedLoaderPresentationAdapter.swift in Sources */ = {isa = PBXBuildFile; fileRef = 9276E2F529F9B4160052CE8C /* FeedLoaderPresentationAdapter.swift */; };
		9276E2FC29F9B4170052CE8C /* FeedViewAdapter.swift in Sources */ = {isa = PBXBuildFile; fileRef = 9276E2F629F9B4170052CE8C /* FeedViewAdapter.swift */; };
		9276E30E29F9B7D20052CE8C /* FeedUIIntegrationTests.swift in Sources */ = {isa = PBXBuildFile; fileRef = 9276E30D29F9B7D20052CE8C /* FeedUIIntegrationTests.swift */; };
		9276E31229F9B7F20052CE8C /* LoaderSpy.swift in Sources */ = {isa = PBXBuildFile; fileRef = 9276E31129F9B7F20052CE8C /* LoaderSpy.swift */; };
		9276E31829F9B7F90052CE8C /* UIRefreshControl+DSL.swift in Sources */ = {isa = PBXBuildFile; fileRef = 9276E31329F9B7F90052CE8C /* UIRefreshControl+DSL.swift */; };
		9276E31929F9B7F90052CE8C /* FeedViewController+DSL.swift in Sources */ = {isa = PBXBuildFile; fileRef = 9276E31429F9B7F90052CE8C /* FeedViewController+DSL.swift */; };
		9276E31A29F9B7F90052CE8C /* UIButton+DSL.swift in Sources */ = {isa = PBXBuildFile; fileRef = 9276E31529F9B7F90052CE8C /* UIButton+DSL.swift */; };
		9276E31B29F9B7F90052CE8C /* UIControl+DSL.swift in Sources */ = {isa = PBXBuildFile; fileRef = 9276E31629F9B7F90052CE8C /* UIControl+DSL.swift */; };
		9276E31C29F9B7F90052CE8C /* FeedImageCell+DSL.swift in Sources */ = {isa = PBXBuildFile; fileRef = 9276E31729F9B7F90052CE8C /* FeedImageCell+DSL.swift */; };
		9276E31F29F9B8050052CE8C /* FeedViewControllerTests+Assertions.swift in Sources */ = {isa = PBXBuildFile; fileRef = 9276E31D29F9B8050052CE8C /* FeedViewControllerTests+Assertions.swift */; };
		9276E32029F9B8050052CE8C /* FeedViewControllerTests+Localization.swift in Sources */ = {isa = PBXBuildFile; fileRef = 9276E31E29F9B8050052CE8C /* FeedViewControllerTests+Localization.swift */; };
		9276E32229F9B80A0052CE8C /* UIImage+TestHelpers.swift in Sources */ = {isa = PBXBuildFile; fileRef = 9276E32129F9B80A0052CE8C /* UIImage+TestHelpers.swift */; };
		9276E32429F9B8F90052CE8C /* AppDelegateForUITesting.swift in Sources */ = {isa = PBXBuildFile; fileRef = 9276E32329F9B8F90052CE8C /* AppDelegateForUITesting.swift */; };
		9276E32729F9B9420052CE8C /* SceneDelegateForUITesting.swift in Sources */ = {isa = PBXBuildFile; fileRef = 9276E32629F9B9420052CE8C /* SceneDelegateForUITesting.swift */; };
		92A81B4029F7F99600C625EF /* AppDelegate.swift in Sources */ = {isa = PBXBuildFile; fileRef = 92A81B3F29F7F99600C625EF /* AppDelegate.swift */; };
		92A81B4229F7F99600C625EF /* SceneDelegate.swift in Sources */ = {isa = PBXBuildFile; fileRef = 92A81B4129F7F99600C625EF /* SceneDelegate.swift */; };
		92A81B4429F7F99600C625EF /* ViewController.swift in Sources */ = {isa = PBXBuildFile; fileRef = 92A81B4329F7F99600C625EF /* ViewController.swift */; };
		92A81B4729F7F99600C625EF /* Main.storyboard in Resources */ = {isa = PBXBuildFile; fileRef = 92A81B4529F7F99600C625EF /* Main.storyboard */; };
		92A81B4929F7F99600C625EF /* Assets.xcassets in Resources */ = {isa = PBXBuildFile; fileRef = 92A81B4829F7F99600C625EF /* Assets.xcassets */; };
		92A81B4C29F7F99600C625EF /* LaunchScreen.storyboard in Resources */ = {isa = PBXBuildFile; fileRef = 92A81B4A29F7F99600C625EF /* LaunchScreen.storyboard */; };
		92A9E04329F993D600D3B048 /* DebuggingSceneDelegate.swift in Sources */ = {isa = PBXBuildFile; fileRef = 92A9E04229F993D600D3B048 /* DebuggingSceneDelegate.swift */; };
		92B91DD129F949E6007A79F5 /* FeedLoaderCacheDecoratorTests.swift in Sources */ = {isa = PBXBuildFile; fileRef = 92B91DD029F949E6007A79F5 /* FeedLoaderCacheDecoratorTests.swift */; };
		92B91DD329F94A6B007A79F5 /* FeedLoaderStub.swift in Sources */ = {isa = PBXBuildFile; fileRef = 92B91DD229F94A6B007A79F5 /* FeedLoaderStub.swift */; };
		92B91DD529F94AFF007A79F5 /* XCTestCase+FeedLoader.swift in Sources */ = {isa = PBXBuildFile; fileRef = 92B91DD429F94AFF007A79F5 /* XCTestCase+FeedLoader.swift */; };
		92B91DDA29F94F8F007A79F5 /* FeedLoaderCacheDecorator.swift in Sources */ = {isa = PBXBuildFile; fileRef = 92B91DD929F94F8F007A79F5 /* FeedLoaderCacheDecorator.swift */; };
		92B91DDC29F95056007A79F5 /* FeedImageDataLoaderCacheDecoratorTests.swift in Sources */ = {isa = PBXBuildFile; fileRef = 92B91DDB29F95056007A79F5 /* FeedImageDataLoaderCacheDecoratorTests.swift */; };
		92B91DDE29F9597E007A79F5 /* FeedImageDataLoaderSpy.swift in Sources */ = {isa = PBXBuildFile; fileRef = 92B91DDD29F9597E007A79F5 /* FeedImageDataLoaderSpy.swift */; };
		92B91DE129F95A27007A79F5 /* XCTestCase+FeedImageDataLoader.swift in Sources */ = {isa = PBXBuildFile; fileRef = 92B91DE029F95A27007A79F5 /* XCTestCase+FeedImageDataLoader.swift */; };
		92FE9B0029F85CF5007D01E9 /* FeedImageDataLoaderWithFallbackComposite.swift in Sources */ = {isa = PBXBuildFile; fileRef = 92FE9AFF29F85CF5007D01E9 /* FeedImageDataLoaderWithFallbackComposite.swift */; };
		92FE9B0329F85D6A007D01E9 /* XCTestCase+MemoryLeaktracking.swift in Sources */ = {isa = PBXBuildFile; fileRef = 92FE9B0229F85D6A007D01E9 /* XCTestCase+MemoryLeaktracking.swift */; };
		92FE9B0529F85DA6007D01E9 /* SharedTestHelpers.swift in Sources */ = {isa = PBXBuildFile; fileRef = 92FE9B0429F85DA6007D01E9 /* SharedTestHelpers.swift */; };
/* End PBXBuildFile section */

/* Begin PBXContainerItemProxy section */
		921AE8F029F84E800047FA6F /* PBXContainerItemProxy */ = {
			isa = PBXContainerItemProxy;
			containerPortal = 92A81B3429F7F99600C625EF /* Project object */;
			proxyType = 1;
			remoteGlobalIDString = 92A81B3B29F7F99600C625EF;
			remoteInfo = EssentialApp;
		};
		9235A83729F97C75002C2BFE /* PBXContainerItemProxy */ = {
			isa = PBXContainerItemProxy;
			containerPortal = 92A81B3429F7F99600C625EF /* Project object */;
			proxyType = 1;
			remoteGlobalIDString = 92A81B3B29F7F99600C625EF;
			remoteInfo = EssentialApp;
		};
/* End PBXContainerItemProxy section */

/* Begin PBXCopyFilesBuildPhase section */
		921AE8D029F7FD7F0047FA6F /* Embed Frameworks */ = {
			isa = PBXCopyFilesBuildPhase;
			buildActionMask = 2147483647;
			dstPath = "";
			dstSubfolderSpec = 10;
			files = (
				921AE8CF29F7FD7F0047FA6F /* EssentialFeed.framework in Embed Frameworks */,
				921AE8D329F7FD820047FA6F /* EssentialFeediOS.framework in Embed Frameworks */,
			);
			name = "Embed Frameworks";
			runOnlyForDeploymentPostprocessing = 0;
		};
/* End PBXCopyFilesBuildPhase section */

/* Begin PBXFileReference section */
		921AE8CD29F7FD7F0047FA6F /* EssentialFeed.framework */ = {isa = PBXFileReference; explicitFileType = wrapper.framework; path = EssentialFeed.framework; sourceTree = BUILT_PRODUCTS_DIR; };
		921AE8D129F7FD820047FA6F /* EssentialFeediOS.framework */ = {isa = PBXFileReference; explicitFileType = wrapper.framework; path = EssentialFeediOS.framework; sourceTree = BUILT_PRODUCTS_DIR; };
		921AE8EC29F84E800047FA6F /* EssentialAppTests.xctest */ = {isa = PBXFileReference; explicitFileType = wrapper.cfbundle; includeInIndex = 0; path = EssentialAppTests.xctest; sourceTree = BUILT_PRODUCTS_DIR; };
		9235A83129F97C75002C2BFE /* EssentialAppUITests.xctest */ = {isa = PBXFileReference; explicitFileType = wrapper.cfbundle; includeInIndex = 0; path = EssentialAppUITests.xctest; sourceTree = BUILT_PRODUCTS_DIR; };
		9235A83329F97C75002C2BFE /* EssentialAppUITests.swift */ = {isa = PBXFileReference; lastKnownFileType = sourcecode.swift; path = EssentialAppUITests.swift; sourceTree = "<group>"; };
		92460AAA29F95CD600BFA5CD /* FeedImageDataLoaderCacheDecorator.swift */ = {isa = PBXFileReference; lastKnownFileType = sourcecode.swift; path = FeedImageDataLoaderCacheDecorator.swift; sourceTree = "<group>"; };
		9256EEC329F8519A001049B0 /* FeedLoaderWithFallbackCompositeTests.swift */ = {isa = PBXFileReference; lastKnownFileType = sourcecode.swift; path = FeedLoaderWithFallbackCompositeTests.swift; sourceTree = "<group>"; };
		9256EEC529F853A8001049B0 /* FeedLoaderWithFallbackComposite.swift */ = {isa = PBXFileReference; lastKnownFileType = sourcecode.swift; path = FeedLoaderWithFallbackComposite.swift; sourceTree = "<group>"; };
		9256EEC729F8549E001049B0 /* FeedImageDataLoaderWithFallbackCompositeTests.swift */ = {isa = PBXFileReference; lastKnownFileType = sourcecode.swift; path = FeedImageDataLoaderWithFallbackCompositeTests.swift; sourceTree = "<group>"; };
		9276E2EC29F9B2B00052CE8C /* SceneDelegateTests.swift */ = {isa = PBXFileReference; lastKnownFileType = sourcecode.swift; path = SceneDelegateTests.swift; sourceTree = "<group>"; };
		9276E2F129F9B4160052CE8C /* WekRefVirtualProxy.swift */ = {isa = PBXFileReference; fileEncoding = 4; lastKnownFileType = sourcecode.swift; path = WekRefVirtualProxy.swift; sourceTree = "<group>"; };
		9276E2F229F9B4160052CE8C /* FeedImageDataLoaderPresentationAdapter.swift */ = {isa = PBXFileReference; fileEncoding = 4; lastKnownFileType = sourcecode.swift; path = FeedImageDataLoaderPresentationAdapter.swift; sourceTree = "<group>"; };
		9276E2F329F9B4160052CE8C /* FeedUIComposer.swift */ = {isa = PBXFileReference; fileEncoding = 4; lastKnownFileType = sourcecode.swift; path = FeedUIComposer.swift; sourceTree = "<group>"; };
		9276E2F429F9B4160052CE8C /* MainQueueDispatchDecorator.swift */ = {isa = PBXFileReference; fileEncoding = 4; lastKnownFileType = sourcecode.swift; path = MainQueueDispatchDecorator.swift; sourceTree = "<group>"; };
		9276E2F529F9B4160052CE8C /* FeedLoaderPresentationAdapter.swift */ = {isa = PBXFileReference; fileEncoding = 4; lastKnownFileType = sourcecode.swift; path = FeedLoaderPresentationAdapter.swift; sourceTree = "<group>"; };
		9276E2F629F9B4170052CE8C /* FeedViewAdapter.swift */ = {isa = PBXFileReference; fileEncoding = 4; lastKnownFileType = sourcecode.swift; path = FeedViewAdapter.swift; sourceTree = "<group>"; };
		9276E30D29F9B7D20052CE8C /* FeedUIIntegrationTests.swift */ = {isa = PBXFileReference; fileEncoding = 4; lastKnownFileType = sourcecode.swift; path = FeedUIIntegrationTests.swift; sourceTree = "<group>"; };
		9276E31129F9B7F20052CE8C /* LoaderSpy.swift */ = {isa = PBXFileReference; fileEncoding = 4; lastKnownFileType = sourcecode.swift; path = LoaderSpy.swift; sourceTree = "<group>"; };
		9276E31329F9B7F90052CE8C /* UIRefreshControl+DSL.swift */ = {isa = PBXFileReference; fileEncoding = 4; lastKnownFileType = sourcecode.swift; path = "UIRefreshControl+DSL.swift"; sourceTree = "<group>"; };
		9276E31429F9B7F90052CE8C /* FeedViewController+DSL.swift */ = {isa = PBXFileReference; fileEncoding = 4; lastKnownFileType = sourcecode.swift; path = "FeedViewController+DSL.swift"; sourceTree = "<group>"; };
		9276E31529F9B7F90052CE8C /* UIButton+DSL.swift */ = {isa = PBXFileReference; fileEncoding = 4; lastKnownFileType = sourcecode.swift; path = "UIButton+DSL.swift"; sourceTree = "<group>"; };
		9276E31629F9B7F90052CE8C /* UIControl+DSL.swift */ = {isa = PBXFileReference; fileEncoding = 4; lastKnownFileType = sourcecode.swift; path = "UIControl+DSL.swift"; sourceTree = "<group>"; };
		9276E31729F9B7F90052CE8C /* FeedImageCell+DSL.swift */ = {isa = PBXFileReference; fileEncoding = 4; lastKnownFileType = sourcecode.swift; path = "FeedImageCell+DSL.swift"; sourceTree = "<group>"; };
		9276E31D29F9B8050052CE8C /* FeedViewControllerTests+Assertions.swift */ = {isa = PBXFileReference; fileEncoding = 4; lastKnownFileType = sourcecode.swift; path = "FeedViewControllerTests+Assertions.swift"; sourceTree = "<group>"; };
		9276E31E29F9B8050052CE8C /* FeedViewControllerTests+Localization.swift */ = {isa = PBXFileReference; fileEncoding = 4; lastKnownFileType = sourcecode.swift; path = "FeedViewControllerTests+Localization.swift"; sourceTree = "<group>"; };
		9276E32129F9B80A0052CE8C /* UIImage+TestHelpers.swift */ = {isa = PBXFileReference; fileEncoding = 4; lastKnownFileType = sourcecode.swift; path = "UIImage+TestHelpers.swift"; sourceTree = "<group>"; };
		9276E32329F9B8F90052CE8C /* AppDelegateForUITesting.swift */ = {isa = PBXFileReference; lastKnownFileType = sourcecode.swift; path = AppDelegateForUITesting.swift; sourceTree = "<group>"; };
		9276E32629F9B9420052CE8C /* SceneDelegateForUITesting.swift */ = {isa = PBXFileReference; lastKnownFileType = sourcecode.swift; path = SceneDelegateForUITesting.swift; sourceTree = "<group>"; };
		929B20AB29F85066008A46CE /* EssentialApp.xctestplan */ = {isa = PBXFileReference; lastKnownFileType = text; name = EssentialApp.xctestplan; path = EssentialAppTests/EssentialApp.xctestplan; sourceTree = SOURCE_ROOT; };
		92A81B3C29F7F99600C625EF /* EssentialApp.app */ = {isa = PBXFileReference; explicitFileType = wrapper.application; includeInIndex = 0; path = EssentialApp.app; sourceTree = BUILT_PRODUCTS_DIR; };
		92A81B3F29F7F99600C625EF /* AppDelegate.swift */ = {isa = PBXFileReference; lastKnownFileType = sourcecode.swift; path = AppDelegate.swift; sourceTree = "<group>"; };
		92A81B4129F7F99600C625EF /* SceneDelegate.swift */ = {isa = PBXFileReference; lastKnownFileType = sourcecode.swift; path = SceneDelegate.swift; sourceTree = "<group>"; };
		92A81B4329F7F99600C625EF /* ViewController.swift */ = {isa = PBXFileReference; lastKnownFileType = sourcecode.swift; path = ViewController.swift; sourceTree = "<group>"; };
		92A81B4629F7F99600C625EF /* Base */ = {isa = PBXFileReference; lastKnownFileType = file.storyboard; name = Base; path = Base.lproj/Main.storyboard; sourceTree = "<group>"; };
		92A81B4829F7F99600C625EF /* Assets.xcassets */ = {isa = PBXFileReference; lastKnownFileType = folder.assetcatalog; path = Assets.xcassets; sourceTree = "<group>"; };
		92A81B4B29F7F99600C625EF /* Base */ = {isa = PBXFileReference; lastKnownFileType = file.storyboard; name = Base; path = Base.lproj/LaunchScreen.storyboard; sourceTree = "<group>"; };
		92A81B4D29F7F99600C625EF /* Info.plist */ = {isa = PBXFileReference; lastKnownFileType = text.plist.xml; path = Info.plist; sourceTree = "<group>"; };
		92A9E04129F9807300D3B048 /* EssentialAppUITests.xctestplan */ = {isa = PBXFileReference; lastKnownFileType = text; path = EssentialAppUITests.xctestplan; sourceTree = SOURCE_ROOT; };
		92A9E04229F993D600D3B048 /* DebuggingSceneDelegate.swift */ = {isa = PBXFileReference; lastKnownFileType = sourcecode.swift; path = DebuggingSceneDelegate.swift; sourceTree = "<group>"; };
		92B91DD029F949E6007A79F5 /* FeedLoaderCacheDecoratorTests.swift */ = {isa = PBXFileReference; lastKnownFileType = sourcecode.swift; path = FeedLoaderCacheDecoratorTests.swift; sourceTree = "<group>"; };
		92B91DD229F94A6B007A79F5 /* FeedLoaderStub.swift */ = {isa = PBXFileReference; lastKnownFileType = sourcecode.swift; path = FeedLoaderStub.swift; sourceTree = "<group>"; };
		92B91DD429F94AFF007A79F5 /* XCTestCase+FeedLoader.swift */ = {isa = PBXFileReference; lastKnownFileType = sourcecode.swift; path = "XCTestCase+FeedLoader.swift"; sourceTree = "<group>"; };
		92B91DD929F94F8F007A79F5 /* FeedLoaderCacheDecorator.swift */ = {isa = PBXFileReference; lastKnownFileType = sourcecode.swift; path = FeedLoaderCacheDecorator.swift; sourceTree = "<group>"; };
		92B91DDB29F95056007A79F5 /* FeedImageDataLoaderCacheDecoratorTests.swift */ = {isa = PBXFileReference; lastKnownFileType = sourcecode.swift; path = FeedImageDataLoaderCacheDecoratorTests.swift; sourceTree = "<group>"; };
		92B91DDD29F9597E007A79F5 /* FeedImageDataLoaderSpy.swift */ = {isa = PBXFileReference; lastKnownFileType = sourcecode.swift; path = FeedImageDataLoaderSpy.swift; sourceTree = "<group>"; };
		92B91DE029F95A27007A79F5 /* XCTestCase+FeedImageDataLoader.swift */ = {isa = PBXFileReference; lastKnownFileType = sourcecode.swift; path = "XCTestCase+FeedImageDataLoader.swift"; sourceTree = "<group>"; };
		92FE9AFF29F85CF5007D01E9 /* FeedImageDataLoaderWithFallbackComposite.swift */ = {isa = PBXFileReference; lastKnownFileType = sourcecode.swift; path = FeedImageDataLoaderWithFallbackComposite.swift; sourceTree = "<group>"; };
		92FE9B0229F85D6A007D01E9 /* XCTestCase+MemoryLeaktracking.swift */ = {isa = PBXFileReference; lastKnownFileType = sourcecode.swift; path = "XCTestCase+MemoryLeaktracking.swift"; sourceTree = "<group>"; };
		92FE9B0429F85DA6007D01E9 /* SharedTestHelpers.swift */ = {isa = PBXFileReference; lastKnownFileType = sourcecode.swift; path = SharedTestHelpers.swift; sourceTree = "<group>"; };
/* End PBXFileReference section */

/* Begin PBXFrameworksBuildPhase section */
		921AE8E929F84E800047FA6F /* Frameworks */ = {
			isa = PBXFrameworksBuildPhase;
			buildActionMask = 2147483647;
			files = (
			);
			runOnlyForDeploymentPostprocessing = 0;
		};
		9235A82E29F97C75002C2BFE /* Frameworks */ = {
			isa = PBXFrameworksBuildPhase;
			buildActionMask = 2147483647;
			files = (
			);
			runOnlyForDeploymentPostprocessing = 0;
		};
		92A81B3929F7F99600C625EF /* Frameworks */ = {
			isa = PBXFrameworksBuildPhase;
			buildActionMask = 2147483647;
			files = (
				921AE8CE29F7FD7F0047FA6F /* EssentialFeed.framework in Frameworks */,
				921AE8D229F7FD820047FA6F /* EssentialFeediOS.framework in Frameworks */,
			);
			runOnlyForDeploymentPostprocessing = 0;
		};
/* End PBXFrameworksBuildPhase section */

/* Begin PBXGroup section */
		921AE8CC29F7FD7F0047FA6F /* Frameworks */ = {
			isa = PBXGroup;
			children = (
				921AE8D129F7FD820047FA6F /* EssentialFeediOS.framework */,
				921AE8CD29F7FD7F0047FA6F /* EssentialFeed.framework */,
			);
			name = Frameworks;
			sourceTree = "<group>";
		};
		921AE8ED29F84E800047FA6F /* EssentialAppTests */ = {
			isa = PBXGroup;
			children = (
				929B20AB29F85066008A46CE /* EssentialApp.xctestplan */,
				9276E30B29F9B7BB0052CE8C /* Feed UI */,
				92FE9B0129F85D5A007D01E9 /* Helpers */,
				9256EEC329F8519A001049B0 /* FeedLoaderWithFallbackCompositeTests.swift */,
				9256EEC729F8549E001049B0 /* FeedImageDataLoaderWithFallbackCompositeTests.swift */,
				92B91DD029F949E6007A79F5 /* FeedLoaderCacheDecoratorTests.swift */,
				92B91DDB29F95056007A79F5 /* FeedImageDataLoaderCacheDecoratorTests.swift */,
				9276E2EC29F9B2B00052CE8C /* SceneDelegateTests.swift */,
			);
			path = EssentialAppTests;
			sourceTree = "<group>";
		};
		9235A83229F97C75002C2BFE /* EssentialAppUITests */ = {
			isa = PBXGroup;
			children = (
				92A9E04129F9807300D3B048 /* EssentialAppUITests.xctestplan */,
				9235A83329F97C75002C2BFE /* EssentialAppUITests.swift */,
			);
			path = EssentialAppUITests;
			sourceTree = "<group>";
		};
		9276E2F029F9B3FD0052CE8C /* FeedUIComposer */ = {
			isa = PBXGroup;
			children = (
				9276E2F329F9B4160052CE8C /* FeedUIComposer.swift */,
				9276E2F229F9B4160052CE8C /* FeedImageDataLoaderPresentationAdapter.swift */,
				9276E2F529F9B4160052CE8C /* FeedLoaderPresentationAdapter.swift */,
				9276E2F629F9B4170052CE8C /* FeedViewAdapter.swift */,
				9276E2F429F9B4160052CE8C /* MainQueueDispatchDecorator.swift */,
				9276E2F129F9B4160052CE8C /* WekRefVirtualProxy.swift */,
			);
			path = FeedUIComposer;
			sourceTree = "<group>";
		};
		9276E30B29F9B7BB0052CE8C /* Feed UI */ = {
			isa = PBXGroup;
			children = (
				9276E30C29F9B7C70052CE8C /* Helpers */,
				9276E30D29F9B7D20052CE8C /* FeedUIIntegrationTests.swift */,
			);
			path = "Feed UI";
			sourceTree = "<group>";
		};
		9276E30C29F9B7C70052CE8C /* Helpers */ = {
			isa = PBXGroup;
			children = (
				9276E32129F9B80A0052CE8C /* UIImage+TestHelpers.swift */,
				9276E31D29F9B8050052CE8C /* FeedViewControllerTests+Assertions.swift */,
				9276E31E29F9B8050052CE8C /* FeedViewControllerTests+Localization.swift */,
				9276E31029F9B7E40052CE8C /* Test-specific DSLs */,
				9276E30F29F9B7DE0052CE8C /* Spies */,
			);
			path = Helpers;
			sourceTree = "<group>";
		};
		9276E30F29F9B7DE0052CE8C /* Spies */ = {
			isa = PBXGroup;
			children = (
				9276E31129F9B7F20052CE8C /* LoaderSpy.swift */,
			);
			path = Spies;
			sourceTree = "<group>";
		};
		9276E31029F9B7E40052CE8C /* Test-specific DSLs */ = {
			isa = PBXGroup;
			children = (
				9276E31729F9B7F90052CE8C /* FeedImageCell+DSL.swift */,
				9276E31429F9B7F90052CE8C /* FeedViewController+DSL.swift */,
				9276E31529F9B7F90052CE8C /* UIButton+DSL.swift */,
				9276E31629F9B7F90052CE8C /* UIControl+DSL.swift */,
				9276E31329F9B7F90052CE8C /* UIRefreshControl+DSL.swift */,
			);
			path = "Test-specific DSLs";
			sourceTree = "<group>";
		};
		9276E32529F9B8FC0052CE8C /* UI Testing Files */ = {
			isa = PBXGroup;
			children = (
				9276E32329F9B8F90052CE8C /* AppDelegateForUITesting.swift */,
				9276E32629F9B9420052CE8C /* SceneDelegateForUITesting.swift */,
				92A9E04229F993D600D3B048 /* DebuggingSceneDelegate.swift */,
			);
			path = "UI Testing Files";
			sourceTree = "<group>";
		};
		92A81B3329F7F99600C625EF = {
			isa = PBXGroup;
			children = (
				92A81B3E29F7F99600C625EF /* EssentialApp */,
				921AE8ED29F84E800047FA6F /* EssentialAppTests */,
				9235A83229F97C75002C2BFE /* EssentialAppUITests */,
				92A81B3D29F7F99600C625EF /* Products */,
				921AE8CC29F7FD7F0047FA6F /* Frameworks */,
			);
			sourceTree = "<group>";
		};
		92A81B3D29F7F99600C625EF /* Products */ = {
			isa = PBXGroup;
			children = (
				92A81B3C29F7F99600C625EF /* EssentialApp.app */,
				921AE8EC29F84E800047FA6F /* EssentialAppTests.xctest */,
				9235A83129F97C75002C2BFE /* EssentialAppUITests.xctest */,
			);
			name = Products;
			sourceTree = "<group>";
		};
		92A81B3E29F7F99600C625EF /* EssentialApp */ = {
			isa = PBXGroup;
			children = (
				9276E32529F9B8FC0052CE8C /* UI Testing Files */,
				92B91DD829F94F61007A79F5 /* App */,
				9276E2F029F9B3FD0052CE8C /* FeedUIComposer */,
				92A81B3F29F7F99600C625EF /* AppDelegate.swift */,
				92A81B4129F7F99600C625EF /* SceneDelegate.swift */,
				92B91DD929F94F8F007A79F5 /* FeedLoaderCacheDecorator.swift */,
				9256EEC529F853A8001049B0 /* FeedLoaderWithFallbackComposite.swift */,
				92FE9AFF29F85CF5007D01E9 /* FeedImageDataLoaderWithFallbackComposite.swift */,
				92460AAA29F95CD600BFA5CD /* FeedImageDataLoaderCacheDecorator.swift */,
			);
			path = EssentialApp;
			sourceTree = "<group>";
		};
		92B91DD829F94F61007A79F5 /* App */ = {
			isa = PBXGroup;
			children = (
				92A81B4D29F7F99600C625EF /* Info.plist */,
				92A81B4A29F7F99600C625EF /* LaunchScreen.storyboard */,
				92A81B4829F7F99600C625EF /* Assets.xcassets */,
				92A81B4529F7F99600C625EF /* Main.storyboard */,
				92A81B4329F7F99600C625EF /* ViewController.swift */,
			);
			name = App;
			sourceTree = "<group>";
		};
		92FE9B0129F85D5A007D01E9 /* Helpers */ = {
			isa = PBXGroup;
			children = (
				92FE9B0229F85D6A007D01E9 /* XCTestCase+MemoryLeaktracking.swift */,
				92B91DD429F94AFF007A79F5 /* XCTestCase+FeedLoader.swift */,
				92B91DE029F95A27007A79F5 /* XCTestCase+FeedImageDataLoader.swift */,
				92FE9B0429F85DA6007D01E9 /* SharedTestHelpers.swift */,
				92B91DD229F94A6B007A79F5 /* FeedLoaderStub.swift */,
				92B91DDD29F9597E007A79F5 /* FeedImageDataLoaderSpy.swift */,
			);
			path = Helpers;
			sourceTree = "<group>";
		};
/* End PBXGroup section */

/* Begin PBXNativeTarget section */
		921AE8EB29F84E800047FA6F /* EssentialAppTests */ = {
			isa = PBXNativeTarget;
			buildConfigurationList = 921AE8F429F84E800047FA6F /* Build configuration list for PBXNativeTarget "EssentialAppTests" */;
			buildPhases = (
				921AE8E829F84E800047FA6F /* Sources */,
				921AE8E929F84E800047FA6F /* Frameworks */,
				921AE8EA29F84E800047FA6F /* Resources */,
			);
			buildRules = (
			);
			dependencies = (
				921AE8F129F84E800047FA6F /* PBXTargetDependency */,
			);
			name = EssentialAppTests;
			productName = EssentialAppTests;
			productReference = 921AE8EC29F84E800047FA6F /* EssentialAppTests.xctest */;
			productType = "com.apple.product-type.bundle.unit-test";
		};
		9235A83029F97C75002C2BFE /* EssentialAppUITests */ = {
			isa = PBXNativeTarget;
			buildConfigurationList = 9235A83B29F97C75002C2BFE /* Build configuration list for PBXNativeTarget "EssentialAppUITests" */;
			buildPhases = (
				9235A82D29F97C75002C2BFE /* Sources */,
				9235A82E29F97C75002C2BFE /* Frameworks */,
				9235A82F29F97C75002C2BFE /* Resources */,
			);
			buildRules = (
			);
			dependencies = (
				9235A83829F97C75002C2BFE /* PBXTargetDependency */,
			);
			name = EssentialAppUITests;
			productName = EssentialAppUITests;
			productReference = 9235A83129F97C75002C2BFE /* EssentialAppUITests.xctest */;
			productType = "com.apple.product-type.bundle.ui-testing";
		};
		92A81B3B29F7F99600C625EF /* EssentialApp */ = {
			isa = PBXNativeTarget;
			buildConfigurationList = 92A81B5029F7F99600C625EF /* Build configuration list for PBXNativeTarget "EssentialApp" */;
			buildPhases = (
				92A81B3829F7F99600C625EF /* Sources */,
				92A81B3929F7F99600C625EF /* Frameworks */,
				92A81B3A29F7F99600C625EF /* Resources */,
				921AE8D029F7FD7F0047FA6F /* Embed Frameworks */,
			);
			buildRules = (
			);
			dependencies = (
			);
			name = EssentialApp;
			productName = EssentialApp;
			productReference = 92A81B3C29F7F99600C625EF /* EssentialApp.app */;
			productType = "com.apple.product-type.application";
		};
/* End PBXNativeTarget section */

/* Begin PBXProject section */
		92A81B3429F7F99600C625EF /* Project object */ = {
			isa = PBXProject;
			attributes = {
				BuildIndependentTargetsInParallel = 1;
				LastSwiftUpdateCheck = 1430;
				LastUpgradeCheck = 1430;
				TargetAttributes = {
					921AE8EB29F84E800047FA6F = {
						CreatedOnToolsVersion = 14.3;
						TestTargetID = 92A81B3B29F7F99600C625EF;
					};
					9235A83029F97C75002C2BFE = {
						CreatedOnToolsVersion = 14.3;
						TestTargetID = 92A81B3B29F7F99600C625EF;
					};
					92A81B3B29F7F99600C625EF = {
						CreatedOnToolsVersion = 14.3;
					};
				};
			};
			buildConfigurationList = 92A81B3729F7F99600C625EF /* Build configuration list for PBXProject "EssentialApp" */;
			compatibilityVersion = "Xcode 14.0";
			developmentRegion = en;
			hasScannedForEncodings = 0;
			knownRegions = (
				en,
				Base,
			);
			mainGroup = 92A81B3329F7F99600C625EF;
			productRefGroup = 92A81B3D29F7F99600C625EF /* Products */;
			projectDirPath = "";
			projectRoot = "";
			targets = (
				92A81B3B29F7F99600C625EF /* EssentialApp */,
				921AE8EB29F84E800047FA6F /* EssentialAppTests */,
				9235A83029F97C75002C2BFE /* EssentialAppUITests */,
			);
		};
/* End PBXProject section */

/* Begin PBXResourcesBuildPhase section */
		921AE8EA29F84E800047FA6F /* Resources */ = {
			isa = PBXResourcesBuildPhase;
			buildActionMask = 2147483647;
			files = (
			);
			runOnlyForDeploymentPostprocessing = 0;
		};
		9235A82F29F97C75002C2BFE /* Resources */ = {
			isa = PBXResourcesBuildPhase;
			buildActionMask = 2147483647;
			files = (
			);
			runOnlyForDeploymentPostprocessing = 0;
		};
		92A81B3A29F7F99600C625EF /* Resources */ = {
			isa = PBXResourcesBuildPhase;
			buildActionMask = 2147483647;
			files = (
				92A81B4C29F7F99600C625EF /* LaunchScreen.storyboard in Resources */,
				92A81B4929F7F99600C625EF /* Assets.xcassets in Resources */,
				92A81B4729F7F99600C625EF /* Main.storyboard in Resources */,
			);
			runOnlyForDeploymentPostprocessing = 0;
		};
/* End PBXResourcesBuildPhase section */

/* Begin PBXSourcesBuildPhase section */
		921AE8E829F84E800047FA6F /* Sources */ = {
			isa = PBXSourcesBuildPhase;
			buildActionMask = 2147483647;
			files = (
				92FE9B0529F85DA6007D01E9 /* SharedTestHelpers.swift in Sources */,
				92B91DDC29F95056007A79F5 /* FeedImageDataLoaderCacheDecoratorTests.swift in Sources */,
				92B91DD529F94AFF007A79F5 /* XCTestCase+FeedLoader.swift in Sources */,
				92B91DE129F95A27007A79F5 /* XCTestCase+FeedImageDataLoader.swift in Sources */,
				9276E30E29F9B7D20052CE8C /* FeedUIIntegrationTests.swift in Sources */,
				9276E31B29F9B7F90052CE8C /* UIControl+DSL.swift in Sources */,
				9276E31A29F9B7F90052CE8C /* UIButton+DSL.swift in Sources */,
				9276E32029F9B8050052CE8C /* FeedViewControllerTests+Localization.swift in Sources */,
				9276E31C29F9B7F90052CE8C /* FeedImageCell+DSL.swift in Sources */,
				9276E2ED29F9B2B00052CE8C /* SceneDelegateTests.swift in Sources */,
				9256EEC829F8549E001049B0 /* FeedImageDataLoaderWithFallbackCompositeTests.swift in Sources */,
				9276E31229F9B7F20052CE8C /* LoaderSpy.swift in Sources */,
				92B91DDE29F9597E007A79F5 /* FeedImageDataLoaderSpy.swift in Sources */,
				9256EEC429F8519A001049B0 /* FeedLoaderWithFallbackCompositeTests.swift in Sources */,
				9276E31F29F9B8050052CE8C /* FeedViewControllerTests+Assertions.swift in Sources */,
				9276E31929F9B7F90052CE8C /* FeedViewController+DSL.swift in Sources */,
				92B91DD129F949E6007A79F5 /* FeedLoaderCacheDecoratorTests.swift in Sources */,
				9276E32229F9B80A0052CE8C /* UIImage+TestHelpers.swift in Sources */,
				92B91DD329F94A6B007A79F5 /* FeedLoaderStub.swift in Sources */,
				92FE9B0329F85D6A007D01E9 /* XCTestCase+MemoryLeaktracking.swift in Sources */,
				9276E31829F9B7F90052CE8C /* UIRefreshControl+DSL.swift in Sources */,
			);
			runOnlyForDeploymentPostprocessing = 0;
		};
		9235A82D29F97C75002C2BFE /* Sources */ = {
			isa = PBXSourcesBuildPhase;
			buildActionMask = 2147483647;
			files = (
				9235A83429F97C75002C2BFE /* EssentialAppUITests.swift in Sources */,
			);
			runOnlyForDeploymentPostprocessing = 0;
		};
		92A81B3829F7F99600C625EF /* Sources */ = {
			isa = PBXSourcesBuildPhase;
			buildActionMask = 2147483647;
			files = (
				9276E2FC29F9B4170052CE8C /* FeedViewAdapter.swift in Sources */,
				92A81B4429F7F99600C625EF /* ViewController.swift in Sources */,
				92A81B4029F7F99600C625EF /* AppDelegate.swift in Sources */,
				9276E2F829F9B4170052CE8C /* FeedImageDataLoaderPresentationAdapter.swift in Sources */,
				9256EEC629F853A8001049B0 /* FeedLoaderWithFallbackComposite.swift in Sources */,
				9276E2FA29F9B4170052CE8C /* MainQueueDispatchDecorator.swift in Sources */,
				9276E32729F9B9420052CE8C /* SceneDelegateForUITesting.swift in Sources */,
				92B91DDA29F94F8F007A79F5 /* FeedLoaderCacheDecorator.swift in Sources */,
				92A9E04329F993D600D3B048 /* DebuggingSceneDelegate.swift in Sources */,
				92A81B4229F7F99600C625EF /* SceneDelegate.swift in Sources */,
				92FE9B0029F85CF5007D01E9 /* FeedImageDataLoaderWithFallbackComposite.swift in Sources */,
				9276E2FB29F9B4170052CE8C /* FeedLoaderPresentationAdapter.swift in Sources */,
				9276E2F929F9B4170052CE8C /* FeedUIComposer.swift in Sources */,
				9276E2F729F9B4170052CE8C /* WekRefVirtualProxy.swift in Sources */,
				9276E32429F9B8F90052CE8C /* AppDelegateForUITesting.swift in Sources */,
				92460AAB29F95CD600BFA5CD /* FeedImageDataLoaderCacheDecorator.swift in Sources */,
			);
			runOnlyForDeploymentPostprocessing = 0;
		};
/* End PBXSourcesBuildPhase section */

/* Begin PBXTargetDependency section */
		921AE8F129F84E800047FA6F /* PBXTargetDependency */ = {
			isa = PBXTargetDependency;
			target = 92A81B3B29F7F99600C625EF /* EssentialApp */;
			targetProxy = 921AE8F029F84E800047FA6F /* PBXContainerItemProxy */;
		};
		9235A83829F97C75002C2BFE /* PBXTargetDependency */ = {
			isa = PBXTargetDependency;
			target = 92A81B3B29F7F99600C625EF /* EssentialApp */;
			targetProxy = 9235A83729F97C75002C2BFE /* PBXContainerItemProxy */;
		};
/* End PBXTargetDependency section */

/* Begin PBXVariantGroup section */
		92A81B4529F7F99600C625EF /* Main.storyboard */ = {
			isa = PBXVariantGroup;
			children = (
				92A81B4629F7F99600C625EF /* Base */,
			);
			name = Main.storyboard;
			sourceTree = "<group>";
		};
		92A81B4A29F7F99600C625EF /* LaunchScreen.storyboard */ = {
			isa = PBXVariantGroup;
			children = (
				92A81B4B29F7F99600C625EF /* Base */,
			);
			name = LaunchScreen.storyboard;
			sourceTree = "<group>";
		};
/* End PBXVariantGroup section */

/* Begin XCBuildConfiguration section */
		921AE8F229F84E800047FA6F /* Debug */ = {
			isa = XCBuildConfiguration;
			buildSettings = {
				BUNDLE_LOADER = "$(TEST_HOST)";
				CODE_SIGN_STYLE = Automatic;
				CURRENT_PROJECT_VERSION = 1;
				DEVELOPMENT_TEAM = 8C3NFSJWVT;
				GENERATE_INFOPLIST_FILE = YES;
				IPHONEOS_DEPLOYMENT_TARGET = 15.0;
				MARKETING_VERSION = 1.0;
				PRODUCT_BUNDLE_IDENTIFIER = essential.EssentialAppTests;
				PRODUCT_NAME = "$(TARGET_NAME)";
				SWIFT_EMIT_LOC_STRINGS = NO;
				SWIFT_VERSION = 5.0;
				TARGETED_DEVICE_FAMILY = "1,2";
				TEST_HOST = "$(BUILT_PRODUCTS_DIR)/EssentialApp.app/$(BUNDLE_EXECUTABLE_FOLDER_PATH)/EssentialApp";
			};
			name = Debug;
		};
		921AE8F329F84E800047FA6F /* Release */ = {
			isa = XCBuildConfiguration;
			buildSettings = {
				BUNDLE_LOADER = "$(TEST_HOST)";
				CODE_SIGN_STYLE = Automatic;
				CURRENT_PROJECT_VERSION = 1;
				DEVELOPMENT_TEAM = 8C3NFSJWVT;
				GENERATE_INFOPLIST_FILE = YES;
				IPHONEOS_DEPLOYMENT_TARGET = 15.0;
				MARKETING_VERSION = 1.0;
				PRODUCT_BUNDLE_IDENTIFIER = essential.EssentialAppTests;
				PRODUCT_NAME = "$(TARGET_NAME)";
				SWIFT_EMIT_LOC_STRINGS = NO;
				SWIFT_VERSION = 5.0;
				TARGETED_DEVICE_FAMILY = "1,2";
				TEST_HOST = "$(BUILT_PRODUCTS_DIR)/EssentialApp.app/$(BUNDLE_EXECUTABLE_FOLDER_PATH)/EssentialApp";
			};
			name = Release;
		};
		9235A83929F97C75002C2BFE /* Debug */ = {
			isa = XCBuildConfiguration;
			buildSettings = {
				CODE_SIGN_STYLE = Automatic;
				CURRENT_PROJECT_VERSION = 1;
				DEVELOPMENT_TEAM = 8C3NFSJWVT;
				GENERATE_INFOPLIST_FILE = YES;
				IPHONEOS_DEPLOYMENT_TARGET = 15.0;
				MARKETING_VERSION = 1.0;
				PRODUCT_BUNDLE_IDENTIFIER = essential.EssentialAppUITests;
				PRODUCT_NAME = "$(TARGET_NAME)";
				SWIFT_EMIT_LOC_STRINGS = NO;
				SWIFT_VERSION = 5.0;
				TARGETED_DEVICE_FAMILY = "1,2";
				TEST_TARGET_NAME = EssentialApp;
			};
			name = Debug;
		};
		9235A83A29F97C75002C2BFE /* Release */ = {
			isa = XCBuildConfiguration;
			buildSettings = {
				CODE_SIGN_STYLE = Automatic;
				CURRENT_PROJECT_VERSION = 1;
				DEVELOPMENT_TEAM = 8C3NFSJWVT;
				GENERATE_INFOPLIST_FILE = YES;
				IPHONEOS_DEPLOYMENT_TARGET = 15.0;
				MARKETING_VERSION = 1.0;
				PRODUCT_BUNDLE_IDENTIFIER = essential.EssentialAppUITests;
				PRODUCT_NAME = "$(TARGET_NAME)";
				SWIFT_EMIT_LOC_STRINGS = NO;
				SWIFT_VERSION = 5.0;
				TARGETED_DEVICE_FAMILY = "1,2";
				TEST_TARGET_NAME = EssentialApp;
			};
			name = Release;
		};
		92A81B4E29F7F99600C625EF /* Debug */ = {
			isa = XCBuildConfiguration;
			buildSettings = {
				ALWAYS_SEARCH_USER_PATHS = NO;
				CLANG_ANALYZER_NONNULL = YES;
				CLANG_ANALYZER_NUMBER_OBJECT_CONVERSION = YES_AGGRESSIVE;
				CLANG_CXX_LANGUAGE_STANDARD = "gnu++20";
				CLANG_ENABLE_MODULES = YES;
				CLANG_ENABLE_OBJC_ARC = YES;
				CLANG_ENABLE_OBJC_WEAK = YES;
				CLANG_WARN_BLOCK_CAPTURE_AUTORELEASING = YES;
				CLANG_WARN_BOOL_CONVERSION = YES;
				CLANG_WARN_COMMA = YES;
				CLANG_WARN_CONSTANT_CONVERSION = YES;
				CLANG_WARN_DEPRECATED_OBJC_IMPLEMENTATIONS = YES;
				CLANG_WARN_DIRECT_OBJC_ISA_USAGE = YES_ERROR;
				CLANG_WARN_DOCUMENTATION_COMMENTS = YES;
				CLANG_WARN_EMPTY_BODY = YES;
				CLANG_WARN_ENUM_CONVERSION = YES;
				CLANG_WARN_INFINITE_RECURSION = YES;
				CLANG_WARN_INT_CONVERSION = YES;
				CLANG_WARN_NON_LITERAL_NULL_CONVERSION = YES;
				CLANG_WARN_OBJC_IMPLICIT_RETAIN_SELF = YES;
				CLANG_WARN_OBJC_LITERAL_CONVERSION = YES;
				CLANG_WARN_OBJC_ROOT_CLASS = YES_ERROR;
				CLANG_WARN_QUOTED_INCLUDE_IN_FRAMEWORK_HEADER = YES;
				CLANG_WARN_RANGE_LOOP_ANALYSIS = YES;
				CLANG_WARN_STRICT_PROTOTYPES = YES;
				CLANG_WARN_SUSPICIOUS_MOVE = YES;
				CLANG_WARN_UNGUARDED_AVAILABILITY = YES_AGGRESSIVE;
				CLANG_WARN_UNREACHABLE_CODE = YES;
				CLANG_WARN__DUPLICATE_METHOD_MATCH = YES;
				COPY_PHASE_STRIP = NO;
				DEBUG_INFORMATION_FORMAT = dwarf;
				ENABLE_STRICT_OBJC_MSGSEND = YES;
				ENABLE_TESTABILITY = YES;
				GCC_C_LANGUAGE_STANDARD = gnu11;
				GCC_DYNAMIC_NO_PIC = NO;
				GCC_NO_COMMON_BLOCKS = YES;
				GCC_OPTIMIZATION_LEVEL = 0;
				GCC_PREPROCESSOR_DEFINITIONS = (
					"DEBUG=1",
					"$(inherited)",
				);
				GCC_WARN_64_TO_32_BIT_CONVERSION = YES;
				GCC_WARN_ABOUT_RETURN_TYPE = YES_ERROR;
				GCC_WARN_UNDECLARED_SELECTOR = YES;
				GCC_WARN_UNINITIALIZED_AUTOS = YES_AGGRESSIVE;
				GCC_WARN_UNUSED_FUNCTION = YES;
				GCC_WARN_UNUSED_VARIABLE = YES;
				IPHONEOS_DEPLOYMENT_TARGET = 15.0;
				MTL_ENABLE_DEBUG_INFO = INCLUDE_SOURCE;
				MTL_FAST_MATH = YES;
				ONLY_ACTIVE_ARCH = YES;
				SDKROOT = iphoneos;
				SWIFT_ACTIVE_COMPILATION_CONDITIONS = DEBUG;
				SWIFT_OPTIMIZATION_LEVEL = "-Onone";
			};
			name = Debug;
		};
		92A81B4F29F7F99600C625EF /* Release */ = {
			isa = XCBuildConfiguration;
			buildSettings = {
				ALWAYS_SEARCH_USER_PATHS = NO;
				CLANG_ANALYZER_NONNULL = YES;
				CLANG_ANALYZER_NUMBER_OBJECT_CONVERSION = YES_AGGRESSIVE;
				CLANG_CXX_LANGUAGE_STANDARD = "gnu++20";
				CLANG_ENABLE_MODULES = YES;
				CLANG_ENABLE_OBJC_ARC = YES;
				CLANG_ENABLE_OBJC_WEAK = YES;
				CLANG_WARN_BLOCK_CAPTURE_AUTORELEASING = YES;
				CLANG_WARN_BOOL_CONVERSION = YES;
				CLANG_WARN_COMMA = YES;
				CLANG_WARN_CONSTANT_CONVERSION = YES;
				CLANG_WARN_DEPRECATED_OBJC_IMPLEMENTATIONS = YES;
				CLANG_WARN_DIRECT_OBJC_ISA_USAGE = YES_ERROR;
				CLANG_WARN_DOCUMENTATION_COMMENTS = YES;
				CLANG_WARN_EMPTY_BODY = YES;
				CLANG_WARN_ENUM_CONVERSION = YES;
				CLANG_WARN_INFINITE_RECURSION = YES;
				CLANG_WARN_INT_CONVERSION = YES;
				CLANG_WARN_NON_LITERAL_NULL_CONVERSION = YES;
				CLANG_WARN_OBJC_IMPLICIT_RETAIN_SELF = YES;
				CLANG_WARN_OBJC_LITERAL_CONVERSION = YES;
				CLANG_WARN_OBJC_ROOT_CLASS = YES_ERROR;
				CLANG_WARN_QUOTED_INCLUDE_IN_FRAMEWORK_HEADER = YES;
				CLANG_WARN_RANGE_LOOP_ANALYSIS = YES;
				CLANG_WARN_STRICT_PROTOTYPES = YES;
				CLANG_WARN_SUSPICIOUS_MOVE = YES;
				CLANG_WARN_UNGUARDED_AVAILABILITY = YES_AGGRESSIVE;
				CLANG_WARN_UNREACHABLE_CODE = YES;
				CLANG_WARN__DUPLICATE_METHOD_MATCH = YES;
				COPY_PHASE_STRIP = NO;
				DEBUG_INFORMATION_FORMAT = "dwarf-with-dsym";
				ENABLE_NS_ASSERTIONS = NO;
				ENABLE_STRICT_OBJC_MSGSEND = YES;
				GCC_C_LANGUAGE_STANDARD = gnu11;
				GCC_NO_COMMON_BLOCKS = YES;
				GCC_WARN_64_TO_32_BIT_CONVERSION = YES;
				GCC_WARN_ABOUT_RETURN_TYPE = YES_ERROR;
				GCC_WARN_UNDECLARED_SELECTOR = YES;
				GCC_WARN_UNINITIALIZED_AUTOS = YES_AGGRESSIVE;
				GCC_WARN_UNUSED_FUNCTION = YES;
				GCC_WARN_UNUSED_VARIABLE = YES;
				IPHONEOS_DEPLOYMENT_TARGET = 15.0;
				MTL_ENABLE_DEBUG_INFO = NO;
				MTL_FAST_MATH = YES;
				SDKROOT = iphoneos;
				SWIFT_COMPILATION_MODE = wholemodule;
				SWIFT_OPTIMIZATION_LEVEL = "-O";
				VALIDATE_PRODUCT = YES;
			};
			name = Release;
		};
		92A81B5129F7F99600C625EF /* Debug */ = {
			isa = XCBuildConfiguration;
			buildSettings = {
				ASSETCATALOG_COMPILER_APPICON_NAME = AppIcon;
				ASSETCATALOG_COMPILER_GLOBAL_ACCENT_COLOR_NAME = AccentColor;
				CODE_SIGN_STYLE = Automatic;
				CURRENT_PROJECT_VERSION = 1;
				DEVELOPMENT_TEAM = 8C3NFSJWVT;
				GENERATE_INFOPLIST_FILE = YES;
				INFOPLIST_FILE = EssentialApp/Info.plist;
				INFOPLIST_KEY_UIApplicationSupportsIndirectInputEvents = YES;
				INFOPLIST_KEY_UILaunchStoryboardName = LaunchScreen;
				INFOPLIST_KEY_UIMainStoryboardFile = Main;
				INFOPLIST_KEY_UISupportedInterfaceOrientations = UIInterfaceOrientationPortrait;
				LD_RUNPATH_SEARCH_PATHS = (
					"$(inherited)",
					"@executable_path/Frameworks",
				);
				MARKETING_VERSION = 1.0;
				PRODUCT_BUNDLE_IDENTIFIER = essential.EssentialApp;
				PRODUCT_NAME = "$(TARGET_NAME)";
				SWIFT_EMIT_LOC_STRINGS = YES;
				SWIFT_VERSION = 5.0;
				TARGETED_DEVICE_FAMILY = "1,2";
			};
			name = Debug;
		};
		92A81B5229F7F99600C625EF /* Release */ = {
			isa = XCBuildConfiguration;
			buildSettings = {
				ASSETCATALOG_COMPILER_APPICON_NAME = AppIcon;
				ASSETCATALOG_COMPILER_GLOBAL_ACCENT_COLOR_NAME = AccentColor;
				CODE_SIGN_STYLE = Automatic;
				CURRENT_PROJECT_VERSION = 1;
				DEVELOPMENT_TEAM = 8C3NFSJWVT;
				GENERATE_INFOPLIST_FILE = YES;
				INFOPLIST_FILE = EssentialApp/Info.plist;
				INFOPLIST_KEY_UIApplicationSupportsIndirectInputEvents = YES;
				INFOPLIST_KEY_UILaunchStoryboardName = LaunchScreen;
				INFOPLIST_KEY_UIMainStoryboardFile = Main;
				INFOPLIST_KEY_UISupportedInterfaceOrientations = UIInterfaceOrientationPortrait;
				LD_RUNPATH_SEARCH_PATHS = (
					"$(inherited)",
					"@executable_path/Frameworks",
				);
				MARKETING_VERSION = 1.0;
				PRODUCT_BUNDLE_IDENTIFIER = essential.EssentialApp;
				PRODUCT_NAME = "$(TARGET_NAME)";
				SWIFT_EMIT_LOC_STRINGS = YES;
				SWIFT_VERSION = 5.0;
				TARGETED_DEVICE_FAMILY = "1,2";
			};
			name = Release;
		};
/* End XCBuildConfiguration section */

/* Begin XCConfigurationList section */
		921AE8F429F84E800047FA6F /* Build configuration list for PBXNativeTarget "EssentialAppTests" */ = {
			isa = XCConfigurationList;
			buildConfigurations = (
				921AE8F229F84E800047FA6F /* Debug */,
				921AE8F329F84E800047FA6F /* Release */,
			);
			defaultConfigurationIsVisible = 0;
			defaultConfigurationName = Release;
		};
		9235A83B29F97C75002C2BFE /* Build configuration list for PBXNativeTarget "EssentialAppUITests" */ = {
			isa = XCConfigurationList;
			buildConfigurations = (
				9235A83929F97C75002C2BFE /* Debug */,
				9235A83A29F97C75002C2BFE /* Release */,
			);
			defaultConfigurationIsVisible = 0;
			defaultConfigurationName = Release;
		};
		92A81B3729F7F99600C625EF /* Build configuration list for PBXProject "EssentialApp" */ = {
			isa = XCConfigurationList;
			buildConfigurations = (
				92A81B4E29F7F99600C625EF /* Debug */,
				92A81B4F29F7F99600C625EF /* Release */,
			);
			defaultConfigurationIsVisible = 0;
			defaultConfigurationName = Release;
		};
		92A81B5029F7F99600C625EF /* Build configuration list for PBXNativeTarget "EssentialApp" */ = {
			isa = XCConfigurationList;
			buildConfigurations = (
				92A81B5129F7F99600C625EF /* Debug */,
				92A81B5229F7F99600C625EF /* Release */,
			);
			defaultConfigurationIsVisible = 0;
			defaultConfigurationName = Release;
		};
/* End XCConfigurationList section */
	};
	rootObject = 92A81B3429F7F99600C625EF /* Project object */;
}
